// !$*UTF8*$!
{
	archiveVersion = 1;
	classes = {
	};
	objectVersion = 46;
	objects = {

/* Begin PBXBuildFile section */
		011B689A15EB8A5C00057B6F /* libarc.a in Frameworks */ = {isa = PBXBuildFile; fileRef = 011B689915EB8A5C00057B6F /* libarc.a */; };
		011B68FD15EB8D0200057B6F /* libarc.a in Frameworks */ = {isa = PBXBuildFile; fileRef = 011B68FC15EB8D0200057B6F /* libarc.a */; };
		014D2BDD15ECC7F4008205BE /* TravelBotMainMenuViewController.m in Sources */ = {isa = PBXBuildFile; fileRef = 014D2BDC15ECC7F4008205BE /* TravelBotMainMenuViewController.m */; };
		014D2BFB15ECD8DB008205BE /* search_button_highlight.png in Resources */ = {isa = PBXBuildFile; fileRef = 014D2BF715ECD8DB008205BE /* search_button_highlight.png */; };
		014D2BFC15ECD8DB008205BE /* search_button-highlight@2x.png in Resources */ = {isa = PBXBuildFile; fileRef = 014D2BF815ECD8DB008205BE /* search_button-highlight@2x.png */; };
		014D2BFD15ECD8DB008205BE /* search_button.png in Resources */ = {isa = PBXBuildFile; fileRef = 014D2BF915ECD8DB008205BE /* search_button.png */; };
		014D2BFE15ECD8DB008205BE /* search_button@2x.png in Resources */ = {isa = PBXBuildFile; fileRef = 014D2BFA15ECD8DB008205BE /* search_button@2x.png */; };
		0160496D15ECEF8600579B45 /* TravelBotCountry.m in Sources */ = {isa = PBXBuildFile; fileRef = 0160496C15ECEF8600579B45 /* TravelBotCountry.m */; };
		0160497115ED0BA600579B45 /* TravelBotSearchViewController.m in Sources */ = {isa = PBXBuildFile; fileRef = 0160497015ED0BA600579B45 /* TravelBotSearchViewController.m */; };
		0160497415ED119000579B45 /* AIDatabaseManager.m in Sources */ = {isa = PBXBuildFile; fileRef = 0160497315ED119000579B45 /* AIDatabaseManager.m */; };
		0160497715ED3F4600579B45 /* TravelBotPlace.m in Sources */ = {isa = PBXBuildFile; fileRef = 0160497615ED3F4600579B45 /* TravelBotPlace.m */; };
		018467A815FEB1AB001F31E3 /* Security.framework in Frameworks */ = {isa = PBXBuildFile; fileRef = 018467A715FEB1AB001F31E3 /* Security.framework */; };
		0190A8BB16022E560098B8F8 /* TravelBotSearchCell.m in Sources */ = {isa = PBXBuildFile; fileRef = 0190A8BA16022E560098B8F8 /* TravelBotSearchCell.m */; };
		0190A8BF16023AC30098B8F8 /* TravelBotSearchHeader.m in Sources */ = {isa = PBXBuildFile; fileRef = 0190A8BE16023AC30098B8F8 /* TravelBotSearchHeader.m */; };
		0190A8C11604EC050098B8F8 /* es.png in Resources */ = {isa = PBXBuildFile; fileRef = 0190A8C01604EC050098B8F8 /* es.png */; };
		01962B6215EABA60009CAEBA /* UIKit.framework in Frameworks */ = {isa = PBXBuildFile; fileRef = 01962B6115EABA60009CAEBA /* UIKit.framework */; };
		01962B6415EABA60009CAEBA /* Foundation.framework in Frameworks */ = {isa = PBXBuildFile; fileRef = 01962B6315EABA60009CAEBA /* Foundation.framework */; };
		01962B6615EABA60009CAEBA /* CoreGraphics.framework in Frameworks */ = {isa = PBXBuildFile; fileRef = 01962B6515EABA60009CAEBA /* CoreGraphics.framework */; };
		01962B6C15EABA60009CAEBA /* InfoPlist.strings in Resources */ = {isa = PBXBuildFile; fileRef = 01962B6A15EABA60009CAEBA /* InfoPlist.strings */; };
		01962B6E15EABA60009CAEBA /* main.m in Sources */ = {isa = PBXBuildFile; fileRef = 01962B6D15EABA60009CAEBA /* main.m */; };
		01962B7215EABA60009CAEBA /* TravelBotAppDelegate.m in Sources */ = {isa = PBXBuildFile; fileRef = 01962B7115EABA60009CAEBA /* TravelBotAppDelegate.m */; };
		01962B7515EABA60009CAEBA /* MainStoryboard.storyboard in Resources */ = {isa = PBXBuildFile; fileRef = 01962B7315EABA60009CAEBA /* MainStoryboard.storyboard */; };
		01962B8315EABA60009CAEBA /* SenTestingKit.framework in Frameworks */ = {isa = PBXBuildFile; fileRef = 01962B8215EABA60009CAEBA /* SenTestingKit.framework */; };
		01962B8415EABA60009CAEBA /* UIKit.framework in Frameworks */ = {isa = PBXBuildFile; fileRef = 01962B6115EABA60009CAEBA /* UIKit.framework */; };
		01962B8515EABA60009CAEBA /* Foundation.framework in Frameworks */ = {isa = PBXBuildFile; fileRef = 01962B6315EABA60009CAEBA /* Foundation.framework */; };
		01962B8D15EABA60009CAEBA /* InfoPlist.strings in Resources */ = {isa = PBXBuildFile; fileRef = 01962B8B15EABA60009CAEBA /* InfoPlist.strings */; };
		01962B9015EABA60009CAEBA /* TravelBotTests.m in Sources */ = {isa = PBXBuildFile; fileRef = 01962B8F15EABA60009CAEBA /* TravelBotTests.m */; };
		01962BA915EABBC4009CAEBA /* AISocketManager.m in Sources */ = {isa = PBXBuildFile; fileRef = 01962BA815EABBC4009CAEBA /* AISocketManager.m */; };
		01962C5B15EAC235009CAEBA /* libSQLite.a in Frameworks */ = {isa = PBXBuildFile; fileRef = 01962C5A15EAC235009CAEBA /* libSQLite.a */; };
		01962C7E15EB83B7009CAEBA /* AIUtilities.m in Sources */ = {isa = PBXBuildFile; fileRef = 01962C7D15EB83B7009CAEBA /* AIUtilities.m */; };
		01962D1C15EB8A03009CAEBA /* libz.dylib in Frameworks */ = {isa = PBXBuildFile; fileRef = 01962D1B15EB8A03009CAEBA /* libz.dylib */; };
		019754F81600C66D00E071AD /* QuartzCore.framework in Frameworks */ = {isa = PBXBuildFile; fileRef = 019754F71600C66D00E071AD /* QuartzCore.framework */; };
		019754FC1600CCD400E071AD /* Journey.m in Sources */ = {isa = PBXBuildFile; fileRef = 019754FB1600CCD400E071AD /* Journey.m */; };
		019754FF1600CCE100E071AD /* JourneyLeg.m in Sources */ = {isa = PBXBuildFile; fileRef = 019754FE1600CCE100E071AD /* JourneyLeg.m */; };
		019755021600CCEB00E071AD /* JourneyLegPoint.m in Sources */ = {isa = PBXBuildFile; fileRef = 019755011600CCEB00E071AD /* JourneyLegPoint.m */; };
		019755061600CD3700E071AD /* Location.m in Sources */ = {isa = PBXBuildFile; fileRef = 019755051600CD3700E071AD /* Location.m */; };
		01AA8215160CAA620050EC07 /* TravelBotJourneyViewController.m in Sources */ = {isa = PBXBuildFile; fileRef = 01AA8214160CAA620050EC07 /* TravelBotJourneyViewController.m */; };
		01AA8219160CAB6C0050EC07 /* TravelBotJourneyLegCell.m in Sources */ = {isa = PBXBuildFile; fileRef = 01AA8218160CAB6C0050EC07 /* TravelBotJourneyLegCell.m */; };
		01AA821C160CABF80050EC07 /* TravelBotJourneyHeader.m in Sources */ = {isa = PBXBuildFile; fileRef = 01AA821B160CABF80050EC07 /* TravelBotJourneyHeader.m */; };
		01AA821F160DE8240050EC07 /* bus_aiga.png in Resources */ = {isa = PBXBuildFile; fileRef = 01AA821D160DE8240050EC07 /* bus_aiga.png */; };
		01AA8220160DE8240050EC07 /* train_aiga.png in Resources */ = {isa = PBXBuildFile; fileRef = 01AA821E160DE8240050EC07 /* train_aiga.png */; };
		01AA8225160E22700050EC07 /* locations.sqlite.bz2 in Resources */ = {isa = PBXBuildFile; fileRef = 01AA8224160E22700050EC07 /* locations.sqlite.bz2 */; };
		01AC82FE15ECE14C0072992A /* TravelBotCountriesViewController.m in Sources */ = {isa = PBXBuildFile; fileRef = 01AC82FD15ECE14C0072992A /* TravelBotCountriesViewController.m */; };
		01AC830115ECE2DA0072992A /* TravelBotPlacesViewController.m in Sources */ = {isa = PBXBuildFile; fileRef = 01AC830015ECE2DA0072992A /* TravelBotPlacesViewController.m */; };
		01AC830515ECE5760072992A /* si.png in Resources */ = {isa = PBXBuildFile; fileRef = 01AC830415ECE5760072992A /* si.png */; };
		01AC830C15ECE7B90072992A /* TravelBotCountryCell.m in Sources */ = {isa = PBXBuildFile; fileRef = 01AC830B15ECE7B90072992A /* TravelBotCountryCell.m */; };
		01C6A777160B67A2006B3E19 /* Default-568h@2x.png in Resources */ = {isa = PBXBuildFile; fileRef = 01C6A776160B67A1006B3E19 /* Default-568h@2x.png */; };
		01DBA7871614F27200B3DF55 /* config.plist in Resources */ = {isa = PBXBuildFile; fileRef = 01DBA7861614F27200B3DF55 /* config.plist */; };
		01DBA78B1614F45C00B3DF55 /* AIConfigManager.m in Sources */ = {isa = PBXBuildFile; fileRef = 01DBA78A1614F45C00B3DF55 /* AIConfigManager.m */; };
		8478498E553A465784C5EDA4 /* libPods.a in Frameworks */ = {isa = PBXBuildFile; fileRef = A293237B22E44B69AC333154 /* libPods.a */; };
/* End PBXBuildFile section */

/* Begin PBXContainerItemProxy section */
		01962B8615EABA60009CAEBA /* PBXContainerItemProxy */ = {
			isa = PBXContainerItemProxy;
			containerPortal = 01962B5415EABA60009CAEBA /* Project object */;
			proxyType = 1;
			remoteGlobalIDString = 01962B5C15EABA60009CAEBA;
			remoteInfo = TravelBot;
		};
/* End PBXContainerItemProxy section */

/* Begin PBXFileReference section */
		011B689915EB8A5C00057B6F /* libarc.a */ = {isa = PBXFileReference; lastKnownFileType = archive.ar; name = libarc.a; path = "libarchive/libarchive/arc/build/Release-iphoneos/libarc.a"; sourceTree = "<group>"; };
		011B689C15EB8A5F00057B6F /* liblibarchive.a */ = {isa = PBXFileReference; lastKnownFileType = archive.ar; name = liblibarchive.a; path = "libarchive/build/Release-iphoneos/liblibarchive.a"; sourceTree = "<group>"; };
		011B68F915EB8D0200057B6F /* archive.h */ = {isa = PBXFileReference; fileEncoding = 4; lastKnownFileType = sourcecode.c.h; path = archive.h; sourceTree = "<group>"; };
		011B68FA15EB8D0200057B6F /* archive_entry.h */ = {isa = PBXFileReference; fileEncoding = 4; lastKnownFileType = sourcecode.c.h; path = archive_entry.h; sourceTree = "<group>"; };
		011B68FB15EB8D0200057B6F /* bzlib.h */ = {isa = PBXFileReference; fileEncoding = 4; lastKnownFileType = sourcecode.c.h; path = bzlib.h; sourceTree = "<group>"; };
		011B68FC15EB8D0200057B6F /* libarc.a */ = {isa = PBXFileReference; lastKnownFileType = archive.ar; path = libarc.a; sourceTree = "<group>"; };
		014D2BDB15ECC7F4008205BE /* TravelBotMainMenuViewController.h */ = {isa = PBXFileReference; fileEncoding = 4; lastKnownFileType = sourcecode.c.h; path = TravelBotMainMenuViewController.h; sourceTree = "<group>"; };
		014D2BDC15ECC7F4008205BE /* TravelBotMainMenuViewController.m */ = {isa = PBXFileReference; fileEncoding = 4; lastKnownFileType = sourcecode.c.objc; path = TravelBotMainMenuViewController.m; sourceTree = "<group>"; };
		014D2BF715ECD8DB008205BE /* search_button_highlight.png */ = {isa = PBXFileReference; lastKnownFileType = image.png; name = search_button_highlight.png; path = resources/images/search_button_highlight.png; sourceTree = "<group>"; };
		014D2BF815ECD8DB008205BE /* search_button-highlight@2x.png */ = {isa = PBXFileReference; lastKnownFileType = image.png; name = "search_button-highlight@2x.png"; path = "resources/images/search_button-highlight@2x.png"; sourceTree = "<group>"; };
		014D2BF915ECD8DB008205BE /* search_button.png */ = {isa = PBXFileReference; lastKnownFileType = image.png; name = search_button.png; path = resources/images/search_button.png; sourceTree = "<group>"; };
		014D2BFA15ECD8DB008205BE /* search_button@2x.png */ = {isa = PBXFileReference; lastKnownFileType = image.png; name = "search_button@2x.png"; path = "resources/images/search_button@2x.png"; sourceTree = "<group>"; };
		0160496B15ECEF8600579B45 /* TravelBotCountry.h */ = {isa = PBXFileReference; fileEncoding = 4; lastKnownFileType = sourcecode.c.h; path = TravelBotCountry.h; sourceTree = "<group>"; };
		0160496C15ECEF8600579B45 /* TravelBotCountry.m */ = {isa = PBXFileReference; fileEncoding = 4; lastKnownFileType = sourcecode.c.objc; path = TravelBotCountry.m; sourceTree = "<group>"; };
		0160496F15ED0BA600579B45 /* TravelBotSearchViewController.h */ = {isa = PBXFileReference; fileEncoding = 4; lastKnownFileType = sourcecode.c.h; path = TravelBotSearchViewController.h; sourceTree = "<group>"; };
		0160497015ED0BA600579B45 /* TravelBotSearchViewController.m */ = {isa = PBXFileReference; fileEncoding = 4; lastKnownFileType = sourcecode.c.objc; path = TravelBotSearchViewController.m; sourceTree = "<group>"; };
		0160497215ED119000579B45 /* AIDatabaseManager.h */ = {isa = PBXFileReference; fileEncoding = 4; lastKnownFileType = sourcecode.c.h; path = AIDatabaseManager.h; sourceTree = "<group>"; };
		0160497315ED119000579B45 /* AIDatabaseManager.m */ = {isa = PBXFileReference; fileEncoding = 4; lastKnownFileType = sourcecode.c.objc; path = AIDatabaseManager.m; sourceTree = "<group>"; };
		0160497515ED3F4600579B45 /* TravelBotPlace.h */ = {isa = PBXFileReference; fileEncoding = 4; lastKnownFileType = sourcecode.c.h; path = TravelBotPlace.h; sourceTree = "<group>"; };
		0160497615ED3F4600579B45 /* TravelBotPlace.m */ = {isa = PBXFileReference; fileEncoding = 4; lastKnownFileType = sourcecode.c.objc; path = TravelBotPlace.m; sourceTree = "<group>"; };
		018467A715FEB1AB001F31E3 /* Security.framework */ = {isa = PBXFileReference; lastKnownFileType = wrapper.framework; name = Security.framework; path = System/Library/Frameworks/Security.framework; sourceTree = SDKROOT; };
		0190A8B916022E560098B8F8 /* TravelBotSearchCell.h */ = {isa = PBXFileReference; fileEncoding = 4; lastKnownFileType = sourcecode.c.h; path = TravelBotSearchCell.h; sourceTree = "<group>"; };
		0190A8BA16022E560098B8F8 /* TravelBotSearchCell.m */ = {isa = PBXFileReference; fileEncoding = 4; lastKnownFileType = sourcecode.c.objc; path = TravelBotSearchCell.m; sourceTree = "<group>"; };
		0190A8BD16023AC30098B8F8 /* TravelBotSearchHeader.h */ = {isa = PBXFileReference; fileEncoding = 4; lastKnownFileType = sourcecode.c.h; path = TravelBotSearchHeader.h; sourceTree = "<group>"; };
		0190A8BE16023AC30098B8F8 /* TravelBotSearchHeader.m */ = {isa = PBXFileReference; fileEncoding = 4; lastKnownFileType = sourcecode.c.objc; path = TravelBotSearchHeader.m; sourceTree = "<group>"; };
		0190A8C01604EC050098B8F8 /* es.png */ = {isa = PBXFileReference; lastKnownFileType = image.png; name = es.png; path = resources/images/es.png; sourceTree = "<group>"; };
		01962B5D15EABA60009CAEBA /* TravelBot.app */ = {isa = PBXFileReference; explicitFileType = wrapper.application; includeInIndex = 0; path = TravelBot.app; sourceTree = BUILT_PRODUCTS_DIR; };
		01962B6115EABA60009CAEBA /* UIKit.framework */ = {isa = PBXFileReference; includeInIndex = 1; lastKnownFileType = wrapper.framework; name = UIKit.framework; path = System/Library/Frameworks/UIKit.framework; sourceTree = SDKROOT; };
		01962B6315EABA60009CAEBA /* Foundation.framework */ = {isa = PBXFileReference; includeInIndex = 1; lastKnownFileType = wrapper.framework; name = Foundation.framework; path = System/Library/Frameworks/Foundation.framework; sourceTree = SDKROOT; };
		01962B6515EABA60009CAEBA /* CoreGraphics.framework */ = {isa = PBXFileReference; includeInIndex = 1; lastKnownFileType = wrapper.framework; name = CoreGraphics.framework; path = System/Library/Frameworks/CoreGraphics.framework; sourceTree = SDKROOT; };
		01962B6915EABA60009CAEBA /* TravelBot-Info.plist */ = {isa = PBXFileReference; lastKnownFileType = text.plist.xml; path = "TravelBot-Info.plist"; sourceTree = "<group>"; };
		01962B6B15EABA60009CAEBA /* en */ = {isa = PBXFileReference; lastKnownFileType = text.plist.strings; name = en; path = en.lproj/InfoPlist.strings; sourceTree = "<group>"; };
		01962B6D15EABA60009CAEBA /* main.m */ = {isa = PBXFileReference; lastKnownFileType = sourcecode.c.objc; path = main.m; sourceTree = "<group>"; };
		01962B6F15EABA60009CAEBA /* TravelBot-Prefix.pch */ = {isa = PBXFileReference; lastKnownFileType = sourcecode.c.h; path = "TravelBot-Prefix.pch"; sourceTree = "<group>"; };
		01962B7015EABA60009CAEBA /* TravelBotAppDelegate.h */ = {isa = PBXFileReference; lastKnownFileType = sourcecode.c.h; path = TravelBotAppDelegate.h; sourceTree = "<group>"; };
		01962B7115EABA60009CAEBA /* TravelBotAppDelegate.m */ = {isa = PBXFileReference; lastKnownFileType = sourcecode.c.objc; path = TravelBotAppDelegate.m; sourceTree = "<group>"; };
		01962B7415EABA60009CAEBA /* en */ = {isa = PBXFileReference; lastKnownFileType = file.storyboard; name = en; path = en.lproj/MainStoryboard.storyboard; sourceTree = "<group>"; };
		01962B8115EABA60009CAEBA /* TravelBotTests.octest */ = {isa = PBXFileReference; explicitFileType = wrapper.cfbundle; includeInIndex = 0; path = TravelBotTests.octest; sourceTree = BUILT_PRODUCTS_DIR; };
		01962B8215EABA60009CAEBA /* SenTestingKit.framework */ = {isa = PBXFileReference; lastKnownFileType = wrapper.framework; name = SenTestingKit.framework; path = Library/Frameworks/SenTestingKit.framework; sourceTree = DEVELOPER_DIR; };
		01962B8A15EABA60009CAEBA /* TravelBotTests-Info.plist */ = {isa = PBXFileReference; lastKnownFileType = text.plist.xml; path = "TravelBotTests-Info.plist"; sourceTree = "<group>"; };
		01962B8C15EABA60009CAEBA /* en */ = {isa = PBXFileReference; lastKnownFileType = text.plist.strings; name = en; path = en.lproj/InfoPlist.strings; sourceTree = "<group>"; };
		01962B8E15EABA60009CAEBA /* TravelBotTests.h */ = {isa = PBXFileReference; lastKnownFileType = sourcecode.c.h; path = TravelBotTests.h; sourceTree = "<group>"; };
		01962B8F15EABA60009CAEBA /* TravelBotTests.m */ = {isa = PBXFileReference; lastKnownFileType = sourcecode.c.objc; path = TravelBotTests.m; sourceTree = "<group>"; };
		01962BA715EABBC4009CAEBA /* AISocketManager.h */ = {isa = PBXFileReference; fileEncoding = 4; lastKnownFileType = sourcecode.c.h; path = AISocketManager.h; sourceTree = "<group>"; };
		01962BA815EABBC4009CAEBA /* AISocketManager.m */ = {isa = PBXFileReference; fileEncoding = 4; lastKnownFileType = sourcecode.c.objc; path = AISocketManager.m; sourceTree = "<group>"; };
		01962C5A15EAC235009CAEBA /* libSQLite.a */ = {isa = PBXFileReference; lastKnownFileType = archive.ar; name = libSQLite.a; path = "SQLite/build/Release-iphoneos/libSQLite.a"; sourceTree = "<group>"; };
		01962C7C15EB83B7009CAEBA /* AIUtilities.h */ = {isa = PBXFileReference; fileEncoding = 4; lastKnownFileType = sourcecode.c.h; path = AIUtilities.h; sourceTree = "<group>"; };
		01962C7D15EB83B7009CAEBA /* AIUtilities.m */ = {isa = PBXFileReference; fileEncoding = 4; lastKnownFileType = sourcecode.c.objc; path = AIUtilities.m; sourceTree = "<group>"; };
		01962D1B15EB8A03009CAEBA /* libz.dylib */ = {isa = PBXFileReference; lastKnownFileType = "compiled.mach-o.dylib"; name = libz.dylib; path = usr/lib/libz.dylib; sourceTree = SDKROOT; };
		019754F71600C66D00E071AD /* QuartzCore.framework */ = {isa = PBXFileReference; lastKnownFileType = wrapper.framework; name = QuartzCore.framework; path = System/Library/Frameworks/QuartzCore.framework; sourceTree = SDKROOT; };
		019754FA1600CCD400E071AD /* Journey.h */ = {isa = PBXFileReference; fileEncoding = 4; lastKnownFileType = sourcecode.c.h; path = Journey.h; sourceTree = "<group>"; };
		019754FB1600CCD400E071AD /* Journey.m */ = {isa = PBXFileReference; fileEncoding = 4; lastKnownFileType = sourcecode.c.objc; path = Journey.m; sourceTree = "<group>"; };
		019754FD1600CCE100E071AD /* JourneyLeg.h */ = {isa = PBXFileReference; fileEncoding = 4; lastKnownFileType = sourcecode.c.h; path = JourneyLeg.h; sourceTree = "<group>"; };
		019754FE1600CCE100E071AD /* JourneyLeg.m */ = {isa = PBXFileReference; fileEncoding = 4; lastKnownFileType = sourcecode.c.objc; path = JourneyLeg.m; sourceTree = "<group>"; };
		019755001600CCEB00E071AD /* JourneyLegPoint.h */ = {isa = PBXFileReference; fileEncoding = 4; lastKnownFileType = sourcecode.c.h; path = JourneyLegPoint.h; sourceTree = "<group>"; };
		019755011600CCEB00E071AD /* JourneyLegPoint.m */ = {isa = PBXFileReference; fileEncoding = 4; lastKnownFileType = sourcecode.c.objc; path = JourneyLegPoint.m; sourceTree = "<group>"; };
		019755041600CD3700E071AD /* Location.h */ = {isa = PBXFileReference; fileEncoding = 4; lastKnownFileType = sourcecode.c.h; path = Location.h; sourceTree = "<group>"; };
		019755051600CD3700E071AD /* Location.m */ = {isa = PBXFileReference; fileEncoding = 4; lastKnownFileType = sourcecode.c.objc; path = Location.m; sourceTree = "<group>"; };
		01AA8213160CAA620050EC07 /* TravelBotJourneyViewController.h */ = {isa = PBXFileReference; fileEncoding = 4; lastKnownFileType = sourcecode.c.h; path = TravelBotJourneyViewController.h; sourceTree = "<group>"; };
		01AA8214160CAA620050EC07 /* TravelBotJourneyViewController.m */ = {isa = PBXFileReference; fileEncoding = 4; lastKnownFileType = sourcecode.c.objc; path = TravelBotJourneyViewController.m; sourceTree = "<group>"; };
		01AA8217160CAB6C0050EC07 /* TravelBotJourneyLegCell.h */ = {isa = PBXFileReference; fileEncoding = 4; lastKnownFileType = sourcecode.c.h; path = TravelBotJourneyLegCell.h; sourceTree = "<group>"; };
		01AA8218160CAB6C0050EC07 /* TravelBotJourneyLegCell.m */ = {isa = PBXFileReference; fileEncoding = 4; lastKnownFileType = sourcecode.c.objc; path = TravelBotJourneyLegCell.m; sourceTree = "<group>"; };
		01AA821A160CABF80050EC07 /* TravelBotJourneyHeader.h */ = {isa = PBXFileReference; fileEncoding = 4; lastKnownFileType = sourcecode.c.h; path = TravelBotJourneyHeader.h; sourceTree = "<group>"; };
		01AA821B160CABF80050EC07 /* TravelBotJourneyHeader.m */ = {isa = PBXFileReference; fileEncoding = 4; lastKnownFileType = sourcecode.c.objc; path = TravelBotJourneyHeader.m; sourceTree = "<group>"; };
		01AA821D160DE8240050EC07 /* bus_aiga.png */ = {isa = PBXFileReference; lastKnownFileType = image.png; name = bus_aiga.png; path = resources/images/bus_aiga.png; sourceTree = "<group>"; };
		01AA821E160DE8240050EC07 /* train_aiga.png */ = {isa = PBXFileReference; lastKnownFileType = image.png; name = train_aiga.png; path = resources/images/train_aiga.png; sourceTree = "<group>"; };
		01AA8224160E22700050EC07 /* locations.sqlite.bz2 */ = {isa = PBXFileReference; lastKnownFileType = file; name = locations.sqlite.bz2; path = ../../backend/workers/slovenia/locations.sqlite.bz2; sourceTree = "<group>"; };
		01AC82FC15ECE14C0072992A /* TravelBotCountriesViewController.h */ = {isa = PBXFileReference; fileEncoding = 4; lastKnownFileType = sourcecode.c.h; path = TravelBotCountriesViewController.h; sourceTree = "<group>"; };
		01AC82FD15ECE14C0072992A /* TravelBotCountriesViewController.m */ = {isa = PBXFileReference; fileEncoding = 4; lastKnownFileType = sourcecode.c.objc; path = TravelBotCountriesViewController.m; sourceTree = "<group>"; };
		01AC82FF15ECE2DA0072992A /* TravelBotPlacesViewController.h */ = {isa = PBXFileReference; fileEncoding = 4; lastKnownFileType = sourcecode.c.h; path = TravelBotPlacesViewController.h; sourceTree = "<group>"; };
		01AC830015ECE2DA0072992A /* TravelBotPlacesViewController.m */ = {isa = PBXFileReference; fileEncoding = 4; lastKnownFileType = sourcecode.c.objc; path = TravelBotPlacesViewController.m; sourceTree = "<group>"; };
		01AC830415ECE5760072992A /* si.png */ = {isa = PBXFileReference; lastKnownFileType = image.png; name = si.png; path = resources/images/si.png; sourceTree = "<group>"; };
		01AC830A15ECE7B90072992A /* TravelBotCountryCell.h */ = {isa = PBXFileReference; fileEncoding = 4; lastKnownFileType = sourcecode.c.h; path = TravelBotCountryCell.h; sourceTree = "<group>"; };
		01AC830B15ECE7B90072992A /* TravelBotCountryCell.m */ = {isa = PBXFileReference; fileEncoding = 4; lastKnownFileType = sourcecode.c.objc; path = TravelBotCountryCell.m; sourceTree = "<group>"; };
		01C6A776160B67A1006B3E19 /* Default-568h@2x.png */ = {isa = PBXFileReference; lastKnownFileType = image.png; path = "Default-568h@2x.png"; sourceTree = "<group>"; };
		01DBA7861614F27200B3DF55 /* config.plist */ = {isa = PBXFileReference; fileEncoding = 4; lastKnownFileType = text.plist.xml; path = config.plist; sourceTree = "<group>"; };
		01DBA7891614F45C00B3DF55 /* AIConfigManager.h */ = {isa = PBXFileReference; fileEncoding = 4; lastKnownFileType = sourcecode.c.h; path = AIConfigManager.h; sourceTree = "<group>"; };
		01DBA78A1614F45C00B3DF55 /* AIConfigManager.m */ = {isa = PBXFileReference; fileEncoding = 4; lastKnownFileType = sourcecode.c.objc; path = AIConfigManager.m; sourceTree = "<group>"; };
		A293237B22E44B69AC333154 /* libPods.a */ = {isa = PBXFileReference; explicitFileType = archive.ar; includeInIndex = 0; path = libPods.a; sourceTree = BUILT_PRODUCTS_DIR; };
		EABBC4AF54824A1598C0BA05 /* Pods.xcconfig */ = {isa = PBXFileReference; includeInIndex = 1; lastKnownFileType = text.xcconfig; name = Pods.xcconfig; path = Pods/Pods.xcconfig; sourceTree = SOURCE_ROOT; };
/* End PBXFileReference section */

/* Begin PBXFrameworksBuildPhase section */
		01962B5A15EABA60009CAEBA /* Frameworks */ = {
			isa = PBXFrameworksBuildPhase;
			buildActionMask = 2147483647;
			files = (
				019754F81600C66D00E071AD /* QuartzCore.framework in Frameworks */,
				018467A815FEB1AB001F31E3 /* Security.framework in Frameworks */,
				011B689A15EB8A5C00057B6F /* libarc.a in Frameworks */,
				01962D1C15EB8A03009CAEBA /* libz.dylib in Frameworks */,
				01962C5B15EAC235009CAEBA /* libSQLite.a in Frameworks */,
				01962B6215EABA60009CAEBA /* UIKit.framework in Frameworks */,
				01962B6415EABA60009CAEBA /* Foundation.framework in Frameworks */,
				01962B6615EABA60009CAEBA /* CoreGraphics.framework in Frameworks */,
				8478498E553A465784C5EDA4 /* libPods.a in Frameworks */,
				011B68FD15EB8D0200057B6F /* libarc.a in Frameworks */,
			);
			runOnlyForDeploymentPostprocessing = 0;
		};
		01962B7D15EABA60009CAEBA /* Frameworks */ = {
			isa = PBXFrameworksBuildPhase;
			buildActionMask = 2147483647;
			files = (
				01962B8315EABA60009CAEBA /* SenTestingKit.framework in Frameworks */,
				01962B8415EABA60009CAEBA /* UIKit.framework in Frameworks */,
				01962B8515EABA60009CAEBA /* Foundation.framework in Frameworks */,
			);
			runOnlyForDeploymentPostprocessing = 0;
		};
/* End PBXFrameworksBuildPhase section */

/* Begin PBXGroup section */
		011B68F815EB8D0200057B6F /* libarchive */ = {
			isa = PBXGroup;
			children = (
				011B68F915EB8D0200057B6F /* archive.h */,
				011B68FA15EB8D0200057B6F /* archive_entry.h */,
				011B68FB15EB8D0200057B6F /* bzlib.h */,
				011B68FC15EB8D0200057B6F /* libarc.a */,
			);
			path = libarchive;
			sourceTree = SOURCE_ROOT;
		};
		014D2BDE15ECCC4F008205BE /* Resources */ = {
			isa = PBXGroup;
			children = (
				01DBA7861614F27200B3DF55 /* config.plist */,
				01AA8224160E22700050EC07 /* locations.sqlite.bz2 */,
				014D2BDF15ECCC55008205BE /* Images */,
			);
			name = Resources;
			sourceTree = "<group>";
		};
		014D2BDF15ECCC55008205BE /* Images */ = {
			isa = PBXGroup;
			children = (
				01AA821D160DE8240050EC07 /* bus_aiga.png */,
				01AA821E160DE8240050EC07 /* train_aiga.png */,
				0190A8C01604EC050098B8F8 /* es.png */,
				01AC830415ECE5760072992A /* si.png */,
				014D2BF715ECD8DB008205BE /* search_button_highlight.png */,
				014D2BF815ECD8DB008205BE /* search_button-highlight@2x.png */,
				014D2BF915ECD8DB008205BE /* search_button.png */,
				014D2BFA15ECD8DB008205BE /* search_button@2x.png */,
			);
			name = Images;
			sourceTree = "<group>";
		};
		01962B5215EABA60009CAEBA = {
			isa = PBXGroup;
			children = (
				01C6A776160B67A1006B3E19 /* Default-568h@2x.png */,
				01962B6715EABA60009CAEBA /* TravelBot */,
				01962B8815EABA60009CAEBA /* TravelBotTests */,
				01962B6015EABA60009CAEBA /* Frameworks */,
				01962B5E15EABA60009CAEBA /* Products */,
				EABBC4AF54824A1598C0BA05 /* Pods.xcconfig */,
			);
			sourceTree = "<group>";
		};
		01962B5E15EABA60009CAEBA /* Products */ = {
			isa = PBXGroup;
			children = (
				01962B5D15EABA60009CAEBA /* TravelBot.app */,
				01962B8115EABA60009CAEBA /* TravelBotTests.octest */,
			);
			name = Products;
			sourceTree = "<group>";
		};
		01962B6015EABA60009CAEBA /* Frameworks */ = {
			isa = PBXGroup;
			children = (
				019754F71600C66D00E071AD /* QuartzCore.framework */,
				018467A715FEB1AB001F31E3 /* Security.framework */,
				01962D1B15EB8A03009CAEBA /* libz.dylib */,
				011B689C15EB8A5F00057B6F /* liblibarchive.a */,
				011B689915EB8A5C00057B6F /* libarc.a */,
				01962C5A15EAC235009CAEBA /* libSQLite.a */,
				01962B6115EABA60009CAEBA /* UIKit.framework */,
				01962B6315EABA60009CAEBA /* Foundation.framework */,
				01962B6515EABA60009CAEBA /* CoreGraphics.framework */,
				01962B8215EABA60009CAEBA /* SenTestingKit.framework */,
				A293237B22E44B69AC333154 /* libPods.a */,
			);
			name = Frameworks;
			sourceTree = "<group>";
		};
		01962B6715EABA60009CAEBA /* TravelBot */ = {
			isa = PBXGroup;
			children = (
				01AC830315ECE3120072992A /* Models */,
				01AC830215ECE2EF0072992A /* Managers */,
				01AC82FA15ECE1250072992A /* ViewControllers */,
				01AC830615ECE7630072992A /* Views */,
				014D2BDE15ECCC4F008205BE /* Resources */,
				01962C8015EB83CE009CAEBA /* Libs */,
				01962B7015EABA60009CAEBA /* TravelBotAppDelegate.h */,
				01962B7115EABA60009CAEBA /* TravelBotAppDelegate.m */,
				01962B7315EABA60009CAEBA /* MainStoryboard.storyboard */,
				01962B6815EABA60009CAEBA /* Supporting Files */,
			);
			path = TravelBot;
			sourceTree = "<group>";
		};
		01962B6815EABA60009CAEBA /* Supporting Files */ = {
			isa = PBXGroup;
			children = (
				01962B6915EABA60009CAEBA /* TravelBot-Info.plist */,
				01962B6A15EABA60009CAEBA /* InfoPlist.strings */,
				01962B6D15EABA60009CAEBA /* main.m */,
				01962B6F15EABA60009CAEBA /* TravelBot-Prefix.pch */,
			);
			name = "Supporting Files";
			sourceTree = "<group>";
		};
		01962B8815EABA60009CAEBA /* TravelBotTests */ = {
			isa = PBXGroup;
			children = (
				01962B8E15EABA60009CAEBA /* TravelBotTests.h */,
				01962B8F15EABA60009CAEBA /* TravelBotTests.m */,
				01962B8915EABA60009CAEBA /* Supporting Files */,
			);
			path = TravelBotTests;
			sourceTree = "<group>";
		};
		01962B8915EABA60009CAEBA /* Supporting Files */ = {
			isa = PBXGroup;
			children = (
				01962B8A15EABA60009CAEBA /* TravelBotTests-Info.plist */,
				01962B8B15EABA60009CAEBA /* InfoPlist.strings */,
			);
			name = "Supporting Files";
			sourceTree = "<group>";
		};
		01962C8015EB83CE009CAEBA /* Libs */ = {
			isa = PBXGroup;
			children = (
				011B68F815EB8D0200057B6F /* libarchive */,
				01962C7C15EB83B7009CAEBA /* AIUtilities.h */,
				01962C7D15EB83B7009CAEBA /* AIUtilities.m */,
			);
			name = Libs;
			sourceTree = "<group>";
		};
		019755031600CD1A00E071AD /* Backend models */ = {
			isa = PBXGroup;
			children = (
				019754FA1600CCD400E071AD /* Journey.h */,
				019754FB1600CCD400E071AD /* Journey.m */,
				019754FD1600CCE100E071AD /* JourneyLeg.h */,
				019754FE1600CCE100E071AD /* JourneyLeg.m */,
				019755001600CCEB00E071AD /* JourneyLegPoint.h */,
				019755011600CCEB00E071AD /* JourneyLegPoint.m */,
				019755041600CD3700E071AD /* Location.h */,
				019755051600CD3700E071AD /* Location.m */,
			);
			name = "Backend models";
			sourceTree = "<group>";
		};
		01AC82FA15ECE1250072992A /* ViewControllers */ = {
			isa = PBXGroup;
			children = (
				014D2BDB15ECC7F4008205BE /* TravelBotMainMenuViewController.h */,
				014D2BDC15ECC7F4008205BE /* TravelBotMainMenuViewController.m */,
				01AC82FC15ECE14C0072992A /* TravelBotCountriesViewController.h */,
				01AC82FD15ECE14C0072992A /* TravelBotCountriesViewController.m */,
				01AC82FF15ECE2DA0072992A /* TravelBotPlacesViewController.h */,
				01AC830015ECE2DA0072992A /* TravelBotPlacesViewController.m */,
				0160496F15ED0BA600579B45 /* TravelBotSearchViewController.h */,
				0160497015ED0BA600579B45 /* TravelBotSearchViewController.m */,
				01AA8213160CAA620050EC07 /* TravelBotJourneyViewController.h */,
				01AA8214160CAA620050EC07 /* TravelBotJourneyViewController.m */,
			);
			name = ViewControllers;
			sourceTree = "<group>";
		};
		01AC830215ECE2EF0072992A /* Managers */ = {
			isa = PBXGroup;
			children = (
				01962BA715EABBC4009CAEBA /* AISocketManager.h */,
				01962BA815EABBC4009CAEBA /* AISocketManager.m */,
				0160497215ED119000579B45 /* AIDatabaseManager.h */,
				0160497315ED119000579B45 /* AIDatabaseManager.m */,
				01DBA7891614F45C00B3DF55 /* AIConfigManager.h */,
				01DBA78A1614F45C00B3DF55 /* AIConfigManager.m */,
			);
			name = Managers;
			sourceTree = "<group>";
		};
		01AC830315ECE3120072992A /* Models */ = {
			isa = PBXGroup;
			children = (
				019755031600CD1A00E071AD /* Backend models */,
				0160496B15ECEF8600579B45 /* TravelBotCountry.h */,
				0160496C15ECEF8600579B45 /* TravelBotCountry.m */,
				0160497515ED3F4600579B45 /* TravelBotPlace.h */,
				0160497615ED3F4600579B45 /* TravelBotPlace.m */,
			);
			name = Models;
			sourceTree = "<group>";
		};
		01AC830615ECE7630072992A /* Views */ = {
			isa = PBXGroup;
			children = (
				01AC830A15ECE7B90072992A /* TravelBotCountryCell.h */,
				01AC830B15ECE7B90072992A /* TravelBotCountryCell.m */,
				0190A8B916022E560098B8F8 /* TravelBotSearchCell.h */,
				0190A8BA16022E560098B8F8 /* TravelBotSearchCell.m */,
				0190A8BD16023AC30098B8F8 /* TravelBotSearchHeader.h */,
				0190A8BE16023AC30098B8F8 /* TravelBotSearchHeader.m */,
				01AA8217160CAB6C0050EC07 /* TravelBotJourneyLegCell.h */,
				01AA8218160CAB6C0050EC07 /* TravelBotJourneyLegCell.m */,
				01AA821A160CABF80050EC07 /* TravelBotJourneyHeader.h */,
				01AA821B160CABF80050EC07 /* TravelBotJourneyHeader.m */,
			);
			name = Views;
			sourceTree = "<group>";
		};
/* End PBXGroup section */

/* Begin PBXNativeTarget section */
		01962B5C15EABA60009CAEBA /* TravelBot */ = {
			isa = PBXNativeTarget;
			buildConfigurationList = 01962B9315EABA60009CAEBA /* Build configuration list for PBXNativeTarget "TravelBot" */;
			buildPhases = (
				01962B5915EABA60009CAEBA /* Sources */,
				01962B5A15EABA60009CAEBA /* Frameworks */,
				01962B5B15EABA60009CAEBA /* Resources */,
				E0FD716312DD4A91B69EC579 /* Copy Pods Resources */,
			);
			buildRules = (
			);
			dependencies = (
			);
			name = TravelBot;
			productName = TravelBot;
			productReference = 01962B5D15EABA60009CAEBA /* TravelBot.app */;
			productType = "com.apple.product-type.application";
		};
		01962B8015EABA60009CAEBA /* TravelBotTests */ = {
			isa = PBXNativeTarget;
			buildConfigurationList = 01962B9615EABA60009CAEBA /* Build configuration list for PBXNativeTarget "TravelBotTests" */;
			buildPhases = (
				01962B7C15EABA60009CAEBA /* Sources */,
				01962B7D15EABA60009CAEBA /* Frameworks */,
				01962B7E15EABA60009CAEBA /* Resources */,
				01962B7F15EABA60009CAEBA /* ShellScript */,
			);
			buildRules = (
			);
			dependencies = (
				01962B8715EABA60009CAEBA /* PBXTargetDependency */,
			);
			name = TravelBotTests;
			productName = TravelBotTests;
			productReference = 01962B8115EABA60009CAEBA /* TravelBotTests.octest */;
			productType = "com.apple.product-type.bundle";
		};
/* End PBXNativeTarget section */

/* Begin PBXProject section */
		01962B5415EABA60009CAEBA /* Project object */ = {
			isa = PBXProject;
			attributes = {
				CLASSPREFIX = TravelBot;
				LastUpgradeCheck = 0440;
				ORGANIZATIONNAME = "Asim Ihsan";
			};
			buildConfigurationList = 01962B5715EABA60009CAEBA /* Build configuration list for PBXProject "TravelBot" */;
			compatibilityVersion = "Xcode 3.2";
			developmentRegion = English;
			hasScannedForEncodings = 0;
			knownRegions = (
				en,
			);
			mainGroup = 01962B5215EABA60009CAEBA;
			productRefGroup = 01962B5E15EABA60009CAEBA /* Products */;
			projectDirPath = "";
			projectRoot = "";
			targets = (
				01962B5C15EABA60009CAEBA /* TravelBot */,
				01962B8015EABA60009CAEBA /* TravelBotTests */,
			);
		};
/* End PBXProject section */

/* Begin PBXResourcesBuildPhase section */
		01962B5B15EABA60009CAEBA /* Resources */ = {
			isa = PBXResourcesBuildPhase;
			buildActionMask = 2147483647;
			files = (
				01962B6C15EABA60009CAEBA /* InfoPlist.strings in Resources */,
				01962B7515EABA60009CAEBA /* MainStoryboard.storyboard in Resources */,
				014D2BFB15ECD8DB008205BE /* search_button_highlight.png in Resources */,
				014D2BFC15ECD8DB008205BE /* search_button-highlight@2x.png in Resources */,
				014D2BFD15ECD8DB008205BE /* search_button.png in Resources */,
				014D2BFE15ECD8DB008205BE /* search_button@2x.png in Resources */,
				01AC830515ECE5760072992A /* si.png in Resources */,
				0190A8C11604EC050098B8F8 /* es.png in Resources */,
				01C6A777160B67A2006B3E19 /* Default-568h@2x.png in Resources */,
				01AA821F160DE8240050EC07 /* bus_aiga.png in Resources */,
				01AA8220160DE8240050EC07 /* train_aiga.png in Resources */,
				01AA8225160E22700050EC07 /* locations.sqlite.bz2 in Resources */,
				01DBA7871614F27200B3DF55 /* config.plist in Resources */,
			);
			runOnlyForDeploymentPostprocessing = 0;
		};
		01962B7E15EABA60009CAEBA /* Resources */ = {
			isa = PBXResourcesBuildPhase;
			buildActionMask = 2147483647;
			files = (
				01962B8D15EABA60009CAEBA /* InfoPlist.strings in Resources */,
			);
			runOnlyForDeploymentPostprocessing = 0;
		};
/* End PBXResourcesBuildPhase section */

/* Begin PBXShellScriptBuildPhase section */
		01962B7F15EABA60009CAEBA /* ShellScript */ = {
			isa = PBXShellScriptBuildPhase;
			buildActionMask = 2147483647;
			files = (
			);
			inputPaths = (
			);
			outputPaths = (
			);
			runOnlyForDeploymentPostprocessing = 0;
			shellPath = /bin/sh;
			shellScript = "# Run the unit tests in this test bundle.\n\"${SYSTEM_DEVELOPER_DIR}/Tools/RunUnitTests\"\n";
		};
		E0FD716312DD4A91B69EC579 /* Copy Pods Resources */ = {
			isa = PBXShellScriptBuildPhase;
			buildActionMask = 2147483647;
			files = (
			);
			inputPaths = (
			);
			name = "Copy Pods Resources";
			outputPaths = (
			);
			runOnlyForDeploymentPostprocessing = 0;
			shellPath = /bin/sh;
			shellScript = "\"${SRCROOT}/Pods/Pods-resources.sh\"\n";
		};
/* End PBXShellScriptBuildPhase section */

/* Begin PBXSourcesBuildPhase section */
		01962B5915EABA60009CAEBA /* Sources */ = {
			isa = PBXSourcesBuildPhase;
			buildActionMask = 2147483647;
			files = (
				01962B6E15EABA60009CAEBA /* main.m in Sources */,
				01962B7215EABA60009CAEBA /* TravelBotAppDelegate.m in Sources */,
				01962BA915EABBC4009CAEBA /* AISocketManager.m in Sources */,
				01962C7E15EB83B7009CAEBA /* AIUtilities.m in Sources */,
				014D2BDD15ECC7F4008205BE /* TravelBotMainMenuViewController.m in Sources */,
				01AC82FE15ECE14C0072992A /* TravelBotCountriesViewController.m in Sources */,
				01AC830115ECE2DA0072992A /* TravelBotPlacesViewController.m in Sources */,
				01AC830C15ECE7B90072992A /* TravelBotCountryCell.m in Sources */,
				0160496D15ECEF8600579B45 /* TravelBotCountry.m in Sources */,
				0160497115ED0BA600579B45 /* TravelBotSearchViewController.m in Sources */,
				0160497415ED119000579B45 /* AIDatabaseManager.m in Sources */,
				0160497715ED3F4600579B45 /* TravelBotPlace.m in Sources */,
				019754FC1600CCD400E071AD /* Journey.m in Sources */,
				019754FF1600CCE100E071AD /* JourneyLeg.m in Sources */,
				019755021600CCEB00E071AD /* JourneyLegPoint.m in Sources */,
				019755061600CD3700E071AD /* Location.m in Sources */,
				0190A8BB16022E560098B8F8 /* TravelBotSearchCell.m in Sources */,
				0190A8BF16023AC30098B8F8 /* TravelBotSearchHeader.m in Sources */,
				01AA8215160CAA620050EC07 /* TravelBotJourneyViewController.m in Sources */,
				01AA8219160CAB6C0050EC07 /* TravelBotJourneyLegCell.m in Sources */,
				01AA821C160CABF80050EC07 /* TravelBotJourneyHeader.m in Sources */,
				01DBA78B1614F45C00B3DF55 /* AIConfigManager.m in Sources */,
			);
			runOnlyForDeploymentPostprocessing = 0;
		};
		01962B7C15EABA60009CAEBA /* Sources */ = {
			isa = PBXSourcesBuildPhase;
			buildActionMask = 2147483647;
			files = (
				01962B9015EABA60009CAEBA /* TravelBotTests.m in Sources */,
			);
			runOnlyForDeploymentPostprocessing = 0;
		};
/* End PBXSourcesBuildPhase section */

/* Begin PBXTargetDependency section */
		01962B8715EABA60009CAEBA /* PBXTargetDependency */ = {
			isa = PBXTargetDependency;
			target = 01962B5C15EABA60009CAEBA /* TravelBot */;
			targetProxy = 01962B8615EABA60009CAEBA /* PBXContainerItemProxy */;
		};
/* End PBXTargetDependency section */

/* Begin PBXVariantGroup section */
		01962B6A15EABA60009CAEBA /* InfoPlist.strings */ = {
			isa = PBXVariantGroup;
			children = (
				01962B6B15EABA60009CAEBA /* en */,
			);
			name = InfoPlist.strings;
			sourceTree = "<group>";
		};
		01962B7315EABA60009CAEBA /* MainStoryboard.storyboard */ = {
			isa = PBXVariantGroup;
			children = (
				01962B7415EABA60009CAEBA /* en */,
			);
			name = MainStoryboard.storyboard;
			sourceTree = "<group>";
		};
		01962B8B15EABA60009CAEBA /* InfoPlist.strings */ = {
			isa = PBXVariantGroup;
			children = (
				01962B8C15EABA60009CAEBA /* en */,
			);
			name = InfoPlist.strings;
			sourceTree = "<group>";
		};
/* End PBXVariantGroup section */

/* Begin XCBuildConfiguration section */
		01962B9115EABA60009CAEBA /* Debug */ = {
			isa = XCBuildConfiguration;
			buildSettings = {
				ALWAYS_SEARCH_USER_PATHS = NO;
				ARCHS = "$(ARCHS_STANDARD_32_BIT)";
				CLANG_CXX_LANGUAGE_STANDARD = "gnu++0x";
				CLANG_ENABLE_OBJC_ARC = YES;
				CLANG_WARN__DUPLICATE_METHOD_MATCH = YES;
				CODE_SIGN_IDENTITY = "iPhone Developer: Asim Ihsan (FV9T6ELUJX)";
				"CODE_SIGN_IDENTITY[sdk=iphoneos*]" = "iPhone Developer";
				COPY_PHASE_STRIP = NO;
				GCC_C_LANGUAGE_STANDARD = gnu99;
				GCC_DYNAMIC_NO_PIC = NO;
				GCC_OPTIMIZATION_LEVEL = 0;
				GCC_PREPROCESSOR_DEFINITIONS = (
					"DEBUG=1",
					"$(inherited)",
				);
				GCC_SYMBOLS_PRIVATE_EXTERN = NO;
				GCC_VERSION = com.apple.compilers.llvm.clang.1_0;
				GCC_WARN_ABOUT_RETURN_TYPE = YES;
				GCC_WARN_UNINITIALIZED_AUTOS = YES;
				GCC_WARN_UNUSED_VARIABLE = YES;
				IPHONEOS_DEPLOYMENT_TARGET = 5.1;
				PROVISIONING_PROFILE = "2F6F46B5-0B82-412F-8692-3BF74081277C";
				RUN_CLANG_STATIC_ANALYZER = YES;
				SDKROOT = iphoneos;
			};
			name = Debug;
		};
		01962B9215EABA60009CAEBA /* Release */ = {
			isa = XCBuildConfiguration;
			buildSettings = {
				ALWAYS_SEARCH_USER_PATHS = NO;
				ARCHS = "$(ARCHS_STANDARD_32_BIT)";
				CLANG_CXX_LANGUAGE_STANDARD = "gnu++0x";
				CLANG_ENABLE_OBJC_ARC = YES;
				CLANG_WARN__DUPLICATE_METHOD_MATCH = YES;
				CODE_SIGN_IDENTITY = "iPhone Developer: Asim Ihsan (FV9T6ELUJX)";
				"CODE_SIGN_IDENTITY[sdk=iphoneos*]" = "iPhone Developer";
				COPY_PHASE_STRIP = YES;
				GCC_C_LANGUAGE_STANDARD = gnu99;
				GCC_VERSION = com.apple.compilers.llvm.clang.1_0;
				GCC_WARN_ABOUT_RETURN_TYPE = YES;
				GCC_WARN_UNINITIALIZED_AUTOS = YES;
				GCC_WARN_UNUSED_VARIABLE = YES;
				IPHONEOS_DEPLOYMENT_TARGET = 5.1;
				OTHER_CFLAGS = "-DNS_BLOCK_ASSERTIONS=1";
				PROVISIONING_PROFILE = "2F6F46B5-0B82-412F-8692-3BF74081277C";
				RUN_CLANG_STATIC_ANALYZER = YES;
				SDKROOT = iphoneos;
				VALIDATE_PRODUCT = YES;
			};
			name = Release;
		};
		01962B9415EABA60009CAEBA /* Debug */ = {
			isa = XCBuildConfiguration;
			baseConfigurationReference = EABBC4AF54824A1598C0BA05 /* Pods.xcconfig */;
			buildSettings = {
				GCC_PRECOMPILE_PREFIX_HEADER = YES;
				GCC_PREFIX_HEADER = "TravelBot/TravelBot-Prefix.pch";
				INFOPLIST_FILE = "TravelBot/TravelBot-Info.plist";
				LIBRARY_SEARCH_PATHS = (
					"$(inherited)",
					"\"$(SRCROOT)/libarchive\"",
				);
				ONLY_ACTIVE_ARCH = YES;
				PRODUCT_NAME = "$(TARGET_NAME)";
				RUN_CLANG_STATIC_ANALYZER = YES;
				VALID_ARCHS = "armv7s armv7";
				WRAPPER_EXTENSION = app;
			};
			name = Debug;
		};
		01962B9515EABA60009CAEBA /* Release */ = {
			isa = XCBuildConfiguration;
			baseConfigurationReference = EABBC4AF54824A1598C0BA05 /* Pods.xcconfig */;
			buildSettings = {
				GCC_PRECOMPILE_PREFIX_HEADER = YES;
				GCC_PREFIX_HEADER = "TravelBot/TravelBot-Prefix.pch";
				INFOPLIST_FILE = "TravelBot/TravelBot-Info.plist";
				LIBRARY_SEARCH_PATHS = (
					"$(inherited)",
					"\"$(SRCROOT)/libarchive\"",
				);
				ONLY_ACTIVE_ARCH = YES;
				PRODUCT_NAME = "$(TARGET_NAME)";
				RUN_CLANG_STATIC_ANALYZER = YES;
				VALID_ARCHS = "armv7s armv7";
				WRAPPER_EXTENSION = app;
			};
			name = Release;
		};
		01962B9715EABA60009CAEBA /* Debug */ = {
			isa = XCBuildConfiguration;
			buildSettings = {
				BUNDLE_LOADER = "$(BUILT_PRODUCTS_DIR)/TravelBot.app/TravelBot";
				FRAMEWORK_SEARCH_PATHS = (
					"\"$(SDKROOT)/Developer/Library/Frameworks\"",
					"\"$(DEVELOPER_LIBRARY_DIR)/Frameworks\"",
				);
				GCC_PRECOMPILE_PREFIX_HEADER = YES;
				GCC_PREFIX_HEADER = "TravelBot/TravelBot-Prefix.pch";
				INFOPLIST_FILE = "TravelBotTests/TravelBotTests-Info.plist";
				PRODUCT_NAME = "$(TARGET_NAME)";
				TEST_HOST = "$(BUNDLE_LOADER)";
				WRAPPER_EXTENSION = octest;
			};
			name = Debug;
		};
		01962B9815EABA60009CAEBA /* Release */ = {
			isa = XCBuildConfiguration;
			buildSettings = {
				BUNDLE_LOADER = "$(BUILT_PRODUCTS_DIR)/TravelBot.app/TravelBot";
				FRAMEWORK_SEARCH_PATHS = (
					"\"$(SDKROOT)/Developer/Library/Frameworks\"",
					"\"$(DEVELOPER_LIBRARY_DIR)/Frameworks\"",
				);
				GCC_PRECOMPILE_PREFIX_HEADER = YES;
				GCC_PREFIX_HEADER = "TravelBot/TravelBot-Prefix.pch";
				INFOPLIST_FILE = "TravelBotTests/TravelBotTests-Info.plist";
				PRODUCT_NAME = "$(TARGET_NAME)";
				TEST_HOST = "$(BUNDLE_LOADER)";
				WRAPPER_EXTENSION = octest;
			};
			name = Release;
		};
		01AA8221160E219E0050EC07 /* Ad-Hoc */ = {
			isa = XCBuildConfiguration;
			buildSettings = {
				ALWAYS_SEARCH_USER_PATHS = NO;
				ARCHS = "$(ARCHS_STANDARD_32_BIT)";
				CLANG_CXX_LANGUAGE_STANDARD = "gnu++0x";
				CLANG_ENABLE_OBJC_ARC = YES;
				CLANG_WARN__DUPLICATE_METHOD_MATCH = YES;
				CODE_SIGN_IDENTITY = "iPhone Developer: Asim Ihsan (FV9T6ELUJX)";
				"CODE_SIGN_IDENTITY[sdk=iphoneos*]" = "iPhone Developer";
				COPY_PHASE_STRIP = YES;
				GCC_C_LANGUAGE_STANDARD = gnu99;
				GCC_VERSION = com.apple.compilers.llvm.clang.1_0;
				GCC_WARN_ABOUT_RETURN_TYPE = YES;
				GCC_WARN_UNINITIALIZED_AUTOS = YES;
				GCC_WARN_UNUSED_VARIABLE = YES;
				IPHONEOS_DEPLOYMENT_TARGET = 5.1;
				OTHER_CFLAGS = "-DNS_BLOCK_ASSERTIONS=1";
				PROVISIONING_PROFILE = "2397B92A-40FA-4E98-9DF6-D9C4BD4B8628";
				RUN_CLANG_STATIC_ANALYZER = YES;
				SDKROOT = iphoneos;
				VALIDATE_PRODUCT = YES;
			};
			name = "Ad-Hoc";
		};
		01AA8222160E219E0050EC07 /* Ad-Hoc */ = {
			isa = XCBuildConfiguration;
			baseConfigurationReference = EABBC4AF54824A1598C0BA05 /* Pods.xcconfig */;
			buildSettings = {
				GCC_PRECOMPILE_PREFIX_HEADER = YES;
				GCC_PREFIX_HEADER = "TravelBot/TravelBot-Prefix.pch";
				INFOPLIST_FILE = "TravelBot/TravelBot-Info.plist";
				LIBRARY_SEARCH_PATHS = (
					"$(inherited)",
					"\"$(SRCROOT)/libarchive\"",
				);
				ONLY_ACTIVE_ARCH = YES;
				PRODUCT_NAME = "$(TARGET_NAME)";
				RUN_CLANG_STATIC_ANALYZER = YES;
				VALID_ARCHS = "armv7s armv7";
				WRAPPER_EXTENSION = app;
			};
			name = "Ad-Hoc";
		};
		01AA8223160E219E0050EC07 /* Ad-Hoc */ = {
			isa = XCBuildConfiguration;
			buildSettings = {
				BUNDLE_LOADER = "$(BUILT_PRODUCTS_DIR)/TravelBot.app/TravelBot";
				FRAMEWORK_SEARCH_PATHS = (
					"\"$(SDKROOT)/Developer/Library/Frameworks\"",
					"\"$(DEVELOPER_LIBRARY_DIR)/Frameworks\"",
				);
				GCC_PRECOMPILE_PREFIX_HEADER = YES;
				GCC_PREFIX_HEADER = "TravelBot/TravelBot-Prefix.pch";
				INFOPLIST_FILE = "TravelBotTests/TravelBotTests-Info.plist";
				PRODUCT_NAME = "$(TARGET_NAME)";
				TEST_HOST = "$(BUNDLE_LOADER)";
				WRAPPER_EXTENSION = octest;
			};
			name = "Ad-Hoc";
		};
/* End XCBuildConfiguration section */

/* Begin XCConfigurationList section */
		01962B5715EABA60009CAEBA /* Build configuration list for PBXProject "TravelBot" */ = {
			isa = XCConfigurationList;
			buildConfigurations = (
				01962B9115EABA60009CAEBA /* Debug */,
				01962B9215EABA60009CAEBA /* Release */,
				01AA8221160E219E0050EC07 /* Ad-Hoc */,
			);
			defaultConfigurationIsVisible = 0;
			defaultConfigurationName = Release;
		};
		01962B9315EABA60009CAEBA /* Build configuration list for PBXNativeTarget "TravelBot" */ = {
			isa = XCConfigurationList;
			buildConfigurations = (
				01962B9415EABA60009CAEBA /* Debug */,
				01962B9515EABA60009CAEBA /* Release */,
				01AA8222160E219E0050EC07 /* Ad-Hoc */,
			);
			defaultConfigurationIsVisible = 0;
			defaultConfigurationName = Release;
		};
		01962B9615EABA60009CAEBA /* Build configuration list for PBXNativeTarget "TravelBotTests" */ = {
			isa = XCConfigurationList;
			buildConfigurations = (
				01962B9715EABA60009CAEBA /* Debug */,
				01962B9815EABA60009CAEBA /* Release */,
				01AA8223160E219E0050EC07 /* Ad-Hoc */,
			);
			defaultConfigurationIsVisible = 0;
			defaultConfigurationName = Release;
		};
/* End XCConfigurationList section */
	};
	rootObject = 01962B5415EABA60009CAEBA /* Project object */;
}
