// !$*UTF8*$!
{
	archiveVersion = 1;
	classes = {
	};
	objectVersion = 46;
	objects = {

/* Begin PBXBuildFile section */
		01472F4915E939F100793C6F /* UIKit.framework in Frameworks */ = {isa = PBXBuildFile; fileRef = 01472F4815E939F100793C6F /* UIKit.framework */; };
		01472F4B15E939F100793C6F /* Foundation.framework in Frameworks */ = {isa = PBXBuildFile; fileRef = 01472F4A15E939F100793C6F /* Foundation.framework */; };
		01472F4D15E939F100793C6F /* CoreGraphics.framework in Frameworks */ = {isa = PBXBuildFile; fileRef = 01472F4C15E939F100793C6F /* CoreGraphics.framework */; };
		01472F4F15E939F100793C6F /* CoreData.framework in Frameworks */ = {isa = PBXBuildFile; fileRef = 01472F4E15E939F100793C6F /* CoreData.framework */; };
		01472F5515E939F100793C6F /* InfoPlist.strings in Resources */ = {isa = PBXBuildFile; fileRef = 01472F5315E939F100793C6F /* InfoPlist.strings */; };
		01472F5715E939F100793C6F /* main.m in Sources */ = {isa = PBXBuildFile; fileRef = 01472F5615E939F100793C6F /* main.m */; };
		01472F5B15E939F100793C6F /* TravelBotAppDelegate.m in Sources */ = {isa = PBXBuildFile; fileRef = 01472F5A15E939F100793C6F /* TravelBotAppDelegate.m */; };
		01472F5E15E939F100793C6F /* MainStoryboard.storyboard in Resources */ = {isa = PBXBuildFile; fileRef = 01472F5C15E939F100793C6F /* MainStoryboard.storyboard */; };
		01472F6115E939F100793C6F /* TravelBot.xcdatamodeld in Sources */ = {isa = PBXBuildFile; fileRef = 01472F5F15E939F100793C6F /* TravelBot.xcdatamodeld */; };
		01472F6415E939F100793C6F /* TravelBotMasterViewController.m in Sources */ = {isa = PBXBuildFile; fileRef = 01472F6315E939F100793C6F /* TravelBotMasterViewController.m */; };
		01472F6715E939F100793C6F /* TravelBotDetailViewController.m in Sources */ = {isa = PBXBuildFile; fileRef = 01472F6615E939F100793C6F /* TravelBotDetailViewController.m */; };
		01472F6F15E939F100793C6F /* SenTestingKit.framework in Frameworks */ = {isa = PBXBuildFile; fileRef = 01472F6E15E939F100793C6F /* SenTestingKit.framework */; };
		01472F7015E939F100793C6F /* UIKit.framework in Frameworks */ = {isa = PBXBuildFile; fileRef = 01472F4815E939F100793C6F /* UIKit.framework */; };
		01472F7115E939F100793C6F /* Foundation.framework in Frameworks */ = {isa = PBXBuildFile; fileRef = 01472F4A15E939F100793C6F /* Foundation.framework */; };
		01472F7215E939F100793C6F /* CoreData.framework in Frameworks */ = {isa = PBXBuildFile; fileRef = 01472F4E15E939F100793C6F /* CoreData.framework */; };
		01472F7A15E939F100793C6F /* InfoPlist.strings in Resources */ = {isa = PBXBuildFile; fileRef = 01472F7815E939F100793C6F /* InfoPlist.strings */; };
		01472F7D15E939F100793C6F /* TravelBotTests.m in Sources */ = {isa = PBXBuildFile; fileRef = 01472F7C15E939F100793C6F /* TravelBotTests.m */; };
		01962B4115E98422009CAEBA /* AISocketManager.m in Sources */ = {isa = PBXBuildFile; fileRef = 01962B4015E98422009CAEBA /* AISocketManager.m */; };
		8D988B4A23EA4652925195DD /* libPods.a in Frameworks */ = {isa = PBXBuildFile; fileRef = B9ECEDC775664CFEB14EC2BC /* libPods.a */; };
/* End PBXBuildFile section */

/* Begin PBXContainerItemProxy section */
		01472F7315E939F100793C6F /* PBXContainerItemProxy */ = {
			isa = PBXContainerItemProxy;
			containerPortal = 01472F3B15E939F100793C6F /* Project object */;
			proxyType = 1;
			remoteGlobalIDString = 01472F4315E939F100793C6F;
			remoteInfo = TravelBot;
		};
/* End PBXContainerItemProxy section */

/* Begin PBXFileReference section */
		01472F4415E939F100793C6F /* TravelBot.app */ = {isa = PBXFileReference; explicitFileType = wrapper.application; includeInIndex = 0; path = TravelBot.app; sourceTree = BUILT_PRODUCTS_DIR; };
		01472F4815E939F100793C6F /* UIKit.framework */ = {isa = PBXFileReference; includeInIndex = 1; lastKnownFileType = wrapper.framework; name = UIKit.framework; path = System/Library/Frameworks/UIKit.framework; sourceTree = SDKROOT; };
		01472F4A15E939F100793C6F /* Foundation.framework */ = {isa = PBXFileReference; includeInIndex = 1; lastKnownFileType = wrapper.framework; name = Foundation.framework; path = System/Library/Frameworks/Foundation.framework; sourceTree = SDKROOT; };
		01472F4C15E939F100793C6F /* CoreGraphics.framework */ = {isa = PBXFileReference; includeInIndex = 1; lastKnownFileType = wrapper.framework; name = CoreGraphics.framework; path = System/Library/Frameworks/CoreGraphics.framework; sourceTree = SDKROOT; };
		01472F4E15E939F100793C6F /* CoreData.framework */ = {isa = PBXFileReference; includeInIndex = 1; lastKnownFileType = wrapper.framework; name = CoreData.framework; path = System/Library/Frameworks/CoreData.framework; sourceTree = SDKROOT; };
		01472F5215E939F100793C6F /* TravelBot-Info.plist */ = {isa = PBXFileReference; lastKnownFileType = text.plist.xml; path = "TravelBot-Info.plist"; sourceTree = "<group>"; };
		01472F5415E939F100793C6F /* en */ = {isa = PBXFileReference; lastKnownFileType = text.plist.strings; name = en; path = en.lproj/InfoPlist.strings; sourceTree = "<group>"; };
		01472F5615E939F100793C6F /* main.m */ = {isa = PBXFileReference; lastKnownFileType = sourcecode.c.objc; path = main.m; sourceTree = "<group>"; };
		01472F5815E939F100793C6F /* TravelBot-Prefix.pch */ = {isa = PBXFileReference; lastKnownFileType = sourcecode.c.h; path = "TravelBot-Prefix.pch"; sourceTree = "<group>"; };
		01472F5915E939F100793C6F /* TravelBotAppDelegate.h */ = {isa = PBXFileReference; lastKnownFileType = sourcecode.c.h; path = TravelBotAppDelegate.h; sourceTree = "<group>"; };
		01472F5A15E939F100793C6F /* TravelBotAppDelegate.m */ = {isa = PBXFileReference; lastKnownFileType = sourcecode.c.objc; path = TravelBotAppDelegate.m; sourceTree = "<group>"; };
		01472F5D15E939F100793C6F /* en */ = {isa = PBXFileReference; lastKnownFileType = file.storyboard; name = en; path = en.lproj/MainStoryboard.storyboard; sourceTree = "<group>"; };
		01472F6015E939F100793C6F /* TravelBot.xcdatamodel */ = {isa = PBXFileReference; lastKnownFileType = wrapper.xcdatamodel; path = TravelBot.xcdatamodel; sourceTree = "<group>"; };
		01472F6215E939F100793C6F /* TravelBotMasterViewController.h */ = {isa = PBXFileReference; lastKnownFileType = sourcecode.c.h; path = TravelBotMasterViewController.h; sourceTree = "<group>"; };
		01472F6315E939F100793C6F /* TravelBotMasterViewController.m */ = {isa = PBXFileReference; lastKnownFileType = sourcecode.c.objc; path = TravelBotMasterViewController.m; sourceTree = "<group>"; };
		01472F6515E939F100793C6F /* TravelBotDetailViewController.h */ = {isa = PBXFileReference; lastKnownFileType = sourcecode.c.h; path = TravelBotDetailViewController.h; sourceTree = "<group>"; };
		01472F6615E939F100793C6F /* TravelBotDetailViewController.m */ = {isa = PBXFileReference; lastKnownFileType = sourcecode.c.objc; path = TravelBotDetailViewController.m; sourceTree = "<group>"; };
		01472F6D15E939F100793C6F /* TravelBotTests.octest */ = {isa = PBXFileReference; explicitFileType = wrapper.cfbundle; includeInIndex = 0; path = TravelBotTests.octest; sourceTree = BUILT_PRODUCTS_DIR; };
		01472F6E15E939F100793C6F /* SenTestingKit.framework */ = {isa = PBXFileReference; lastKnownFileType = wrapper.framework; name = SenTestingKit.framework; path = Library/Frameworks/SenTestingKit.framework; sourceTree = DEVELOPER_DIR; };
		01472F7715E939F100793C6F /* TravelBotTests-Info.plist */ = {isa = PBXFileReference; lastKnownFileType = text.plist.xml; path = "TravelBotTests-Info.plist"; sourceTree = "<group>"; };
		01472F7915E939F100793C6F /* en */ = {isa = PBXFileReference; lastKnownFileType = text.plist.strings; name = en; path = en.lproj/InfoPlist.strings; sourceTree = "<group>"; };
		01472F7B15E939F100793C6F /* TravelBotTests.h */ = {isa = PBXFileReference; lastKnownFileType = sourcecode.c.h; path = TravelBotTests.h; sourceTree = "<group>"; };
		01472F7C15E939F100793C6F /* TravelBotTests.m */ = {isa = PBXFileReference; lastKnownFileType = sourcecode.c.objc; path = TravelBotTests.m; sourceTree = "<group>"; };
		01962B3F15E98422009CAEBA /* AISocketManager.h */ = {isa = PBXFileReference; fileEncoding = 4; lastKnownFileType = sourcecode.c.h; path = AISocketManager.h; sourceTree = "<group>"; };
		01962B4015E98422009CAEBA /* AISocketManager.m */ = {isa = PBXFileReference; fileEncoding = 4; lastKnownFileType = sourcecode.c.objc; path = AISocketManager.m; sourceTree = "<group>"; };
		B9ECEDC775664CFEB14EC2BC /* libPods.a */ = {isa = PBXFileReference; explicitFileType = archive.ar; includeInIndex = 0; path = libPods.a; sourceTree = BUILT_PRODUCTS_DIR; };
		DBE4A2D4A984491496A554B4 /* Pods.xcconfig */ = {isa = PBXFileReference; includeInIndex = 1; lastKnownFileType = text.xcconfig; name = Pods.xcconfig; path = Pods/Pods.xcconfig; sourceTree = SOURCE_ROOT; };
/* End PBXFileReference section */

/* Begin PBXFrameworksBuildPhase section */
		01472F4115E939F100793C6F /* Frameworks */ = {
			isa = PBXFrameworksBuildPhase;
			buildActionMask = 2147483647;
			files = (
				01472F4915E939F100793C6F /* UIKit.framework in Frameworks */,
				01472F4B15E939F100793C6F /* Foundation.framework in Frameworks */,
				01472F4D15E939F100793C6F /* CoreGraphics.framework in Frameworks */,
				01472F4F15E939F100793C6F /* CoreData.framework in Frameworks */,
				8D988B4A23EA4652925195DD /* libPods.a in Frameworks */,
			);
			runOnlyForDeploymentPostprocessing = 0;
		};
		01472F6915E939F100793C6F /* Frameworks */ = {
			isa = PBXFrameworksBuildPhase;
			buildActionMask = 2147483647;
			files = (
				01472F6F15E939F100793C6F /* SenTestingKit.framework in Frameworks */,
				01472F7015E939F100793C6F /* UIKit.framework in Frameworks */,
				01472F7115E939F100793C6F /* Foundation.framework in Frameworks */,
				01472F7215E939F100793C6F /* CoreData.framework in Frameworks */,
			);
			runOnlyForDeploymentPostprocessing = 0;
		};
/* End PBXFrameworksBuildPhase section */

/* Begin PBXGroup section */
		01472F3915E939F100793C6F = {
			isa = PBXGroup;
			children = (
				01472F5015E939F100793C6F /* TravelBot */,
				01472F7515E939F100793C6F /* TravelBotTests */,
				01472F4715E939F100793C6F /* Frameworks */,
				01472F4515E939F100793C6F /* Products */,
				DBE4A2D4A984491496A554B4 /* Pods.xcconfig */,
			);
			sourceTree = "<group>";
		};
		01472F4515E939F100793C6F /* Products */ = {
			isa = PBXGroup;
			children = (
				01472F4415E939F100793C6F /* TravelBot.app */,
				01472F6D15E939F100793C6F /* TravelBotTests.octest */,
			);
			name = Products;
			sourceTree = "<group>";
		};
		01472F4715E939F100793C6F /* Frameworks */ = {
			isa = PBXGroup;
			children = (
				01472F4815E939F100793C6F /* UIKit.framework */,
				01472F4A15E939F100793C6F /* Foundation.framework */,
				01472F4C15E939F100793C6F /* CoreGraphics.framework */,
				01472F4E15E939F100793C6F /* CoreData.framework */,
				01472F6E15E939F100793C6F /* SenTestingKit.framework */,
				B9ECEDC775664CFEB14EC2BC /* libPods.a */,
			);
			name = Frameworks;
			sourceTree = "<group>";
		};
		01472F5015E939F100793C6F /* TravelBot */ = {
			isa = PBXGroup;
			children = (
				01472F5915E939F100793C6F /* TravelBotAppDelegate.h */,
				01472F5A15E939F100793C6F /* TravelBotAppDelegate.m */,
				01472F5C15E939F100793C6F /* MainStoryboard.storyboard */,
				01472F6215E939F100793C6F /* TravelBotMasterViewController.h */,
				01472F6315E939F100793C6F /* TravelBotMasterViewController.m */,
				01472F6515E939F100793C6F /* TravelBotDetailViewController.h */,
				01472F6615E939F100793C6F /* TravelBotDetailViewController.m */,
				01472F5F15E939F100793C6F /* TravelBot.xcdatamodeld */,
				01472F5115E939F100793C6F /* Supporting Files */,
				01962B3F15E98422009CAEBA /* AISocketManager.h */,
				01962B4015E98422009CAEBA /* AISocketManager.m */,
			);
			path = TravelBot;
			sourceTree = "<group>";
		};
		01472F5115E939F100793C6F /* Supporting Files */ = {
			isa = PBXGroup;
			children = (
				01472F5215E939F100793C6F /* TravelBot-Info.plist */,
				01472F5315E939F100793C6F /* InfoPlist.strings */,
				01472F5615E939F100793C6F /* main.m */,
				01472F5815E939F100793C6F /* TravelBot-Prefix.pch */,
			);
			name = "Supporting Files";
			sourceTree = "<group>";
		};
		01472F7515E939F100793C6F /* TravelBotTests */ = {
			isa = PBXGroup;
			children = (
				01472F7B15E939F100793C6F /* TravelBotTests.h */,
				01472F7C15E939F100793C6F /* TravelBotTests.m */,
				01472F7615E939F100793C6F /* Supporting Files */,
			);
			path = TravelBotTests;
			sourceTree = "<group>";
		};
		01472F7615E939F100793C6F /* Supporting Files */ = {
			isa = PBXGroup;
			children = (
				01472F7715E939F100793C6F /* TravelBotTests-Info.plist */,
				01472F7815E939F100793C6F /* InfoPlist.strings */,
			);
			name = "Supporting Files";
			sourceTree = "<group>";
		};
/* End PBXGroup section */

/* Begin PBXNativeTarget section */
		01472F4315E939F100793C6F /* TravelBot */ = {
			isa = PBXNativeTarget;
			buildConfigurationList = 01472F8015E939F100793C6F /* Build configuration list for PBXNativeTarget "TravelBot" */;
			buildPhases = (
				01472F4015E939F100793C6F /* Sources */,
				01472F4115E939F100793C6F /* Frameworks */,
				01472F4215E939F100793C6F /* Resources */,
				FA5CF69BBCF34278A4978358 /* Copy Pods Resources */,
			);
			buildRules = (
			);
			dependencies = (
			);
			name = TravelBot;
			productName = TravelBot;
			productReference = 01472F4415E939F100793C6F /* TravelBot.app */;
			productType = "com.apple.product-type.application";
		};
		01472F6C15E939F100793C6F /* TravelBotTests */ = {
			isa = PBXNativeTarget;
			buildConfigurationList = 01472F8315E939F100793C6F /* Build configuration list for PBXNativeTarget "TravelBotTests" */;
			buildPhases = (
				01472F6815E939F100793C6F /* Sources */,
				01472F6915E939F100793C6F /* Frameworks */,
				01472F6A15E939F100793C6F /* Resources */,
				01472F6B15E939F100793C6F /* ShellScript */,
			);
			buildRules = (
			);
			dependencies = (
				01472F7415E939F100793C6F /* PBXTargetDependency */,
			);
			name = TravelBotTests;
			productName = TravelBotTests;
			productReference = 01472F6D15E939F100793C6F /* TravelBotTests.octest */;
			productType = "com.apple.product-type.bundle";
		};
/* End PBXNativeTarget section */

/* Begin PBXProject section */
		01472F3B15E939F100793C6F /* Project object */ = {
			isa = PBXProject;
			attributes = {
				CLASSPREFIX = TravelBot;
				LastUpgradeCheck = 0440;
				ORGANIZATIONNAME = "Asim Ihsan";
			};
			buildConfigurationList = 01472F3E15E939F100793C6F /* Build configuration list for PBXProject "TravelBot" */;
			compatibilityVersion = "Xcode 3.2";
			developmentRegion = English;
			hasScannedForEncodings = 0;
			knownRegions = (
				en,
			);
			mainGroup = 01472F3915E939F100793C6F;
			productRefGroup = 01472F4515E939F100793C6F /* Products */;
			projectDirPath = "";
			projectRoot = "";
			targets = (
				01472F4315E939F100793C6F /* TravelBot */,
				01472F6C15E939F100793C6F /* TravelBotTests */,
			);
		};
/* End PBXProject section */

/* Begin PBXResourcesBuildPhase section */
		01472F4215E939F100793C6F /* Resources */ = {
			isa = PBXResourcesBuildPhase;
			buildActionMask = 2147483647;
			files = (
				01472F5515E939F100793C6F /* InfoPlist.strings in Resources */,
				01472F5E15E939F100793C6F /* MainStoryboard.storyboard in Resources */,
			);
			runOnlyForDeploymentPostprocessing = 0;
		};
		01472F6A15E939F100793C6F /* Resources */ = {
			isa = PBXResourcesBuildPhase;
			buildActionMask = 2147483647;
			files = (
				01472F7A15E939F100793C6F /* InfoPlist.strings in Resources */,
			);
			runOnlyForDeploymentPostprocessing = 0;
		};
/* End PBXResourcesBuildPhase section */

/* Begin PBXShellScriptBuildPhase section */
		01472F6B15E939F100793C6F /* ShellScript */ = {
			isa = PBXShellScriptBuildPhase;
			buildActionMask = 2147483647;
			files = (
			);
			inputPaths = (
			);
			outputPaths = (
			);
			runOnlyForDeploymentPostprocessing = 0;
			shellPath = /bin/sh;
			shellScript = "# Run the unit tests in this test bundle.\n\"${SYSTEM_DEVELOPER_DIR}/Tools/RunUnitTests\"\n";
		};
		FA5CF69BBCF34278A4978358 /* Copy Pods Resources */ = {
			isa = PBXShellScriptBuildPhase;
			buildActionMask = 2147483647;
			files = (
			);
			inputPaths = (
			);
			name = "Copy Pods Resources";
			outputPaths = (
			);
			runOnlyForDeploymentPostprocessing = 0;
			shellPath = /bin/sh;
			shellScript = "\"${SRCROOT}/Pods/Pods-resources.sh\"\n";
		};
/* End PBXShellScriptBuildPhase section */

/* Begin PBXSourcesBuildPhase section */
		01472F4015E939F100793C6F /* Sources */ = {
			isa = PBXSourcesBuildPhase;
			buildActionMask = 2147483647;
			files = (
				01472F5715E939F100793C6F /* main.m in Sources */,
				01472F5B15E939F100793C6F /* TravelBotAppDelegate.m in Sources */,
				01472F6115E939F100793C6F /* TravelBot.xcdatamodeld in Sources */,
				01472F6415E939F100793C6F /* TravelBotMasterViewController.m in Sources */,
				01472F6715E939F100793C6F /* TravelBotDetailViewController.m in Sources */,
				01962B4115E98422009CAEBA /* AISocketManager.m in Sources */,
			);
			runOnlyForDeploymentPostprocessing = 0;
		};
		01472F6815E939F100793C6F /* Sources */ = {
			isa = PBXSourcesBuildPhase;
			buildActionMask = 2147483647;
			files = (
				01472F7D15E939F100793C6F /* TravelBotTests.m in Sources */,
			);
			runOnlyForDeploymentPostprocessing = 0;
		};
/* End PBXSourcesBuildPhase section */

/* Begin PBXTargetDependency section */
		01472F7415E939F100793C6F /* PBXTargetDependency */ = {
			isa = PBXTargetDependency;
			target = 01472F4315E939F100793C6F /* TravelBot */;
			targetProxy = 01472F7315E939F100793C6F /* PBXContainerItemProxy */;
		};
/* End PBXTargetDependency section */

/* Begin PBXVariantGroup section */
		01472F5315E939F100793C6F /* InfoPlist.strings */ = {
			isa = PBXVariantGroup;
			children = (
				01472F5415E939F100793C6F /* en */,
			);
			name = InfoPlist.strings;
			sourceTree = "<group>";
		};
		01472F5C15E939F100793C6F /* MainStoryboard.storyboard */ = {
			isa = PBXVariantGroup;
			children = (
				01472F5D15E939F100793C6F /* en */,
			);
			name = MainStoryboard.storyboard;
			sourceTree = "<group>";
		};
		01472F7815E939F100793C6F /* InfoPlist.strings */ = {
			isa = PBXVariantGroup;
			children = (
				01472F7915E939F100793C6F /* en */,
			);
			name = InfoPlist.strings;
			sourceTree = "<group>";
		};
/* End PBXVariantGroup section */

/* Begin XCBuildConfiguration section */
		01472F7E15E939F100793C6F /* Debug */ = {
			isa = XCBuildConfiguration;
			buildSettings = {
				ALWAYS_SEARCH_USER_PATHS = NO;
				ARCHS = "$(ARCHS_STANDARD_32_BIT)";
				CLANG_CXX_LANGUAGE_STANDARD = "gnu++0x";
				CLANG_ENABLE_OBJC_ARC = YES;
				CLANG_WARN__DUPLICATE_METHOD_MATCH = YES;
				"CODE_SIGN_IDENTITY[sdk=iphoneos*]" = "iPhone Developer";
				COPY_PHASE_STRIP = NO;
				GCC_C_LANGUAGE_STANDARD = gnu99;
				GCC_DYNAMIC_NO_PIC = NO;
				GCC_OPTIMIZATION_LEVEL = 0;
				GCC_PREPROCESSOR_DEFINITIONS = (
					"DEBUG=1",
					"$(inherited)",
				);
				GCC_SYMBOLS_PRIVATE_EXTERN = NO;
				GCC_VERSION = com.apple.compilers.llvm.clang.1_0;
				GCC_WARN_ABOUT_RETURN_TYPE = YES;
				GCC_WARN_UNINITIALIZED_AUTOS = YES;
				GCC_WARN_UNUSED_VARIABLE = YES;
				IPHONEOS_DEPLOYMENT_TARGET = 5.1;
				SDKROOT = iphoneos;
			};
			name = Debug;
		};
		01472F7F15E939F100793C6F /* Release */ = {
			isa = XCBuildConfiguration;
			buildSettings = {
				ALWAYS_SEARCH_USER_PATHS = NO;
				ARCHS = "$(ARCHS_STANDARD_32_BIT)";
				CLANG_CXX_LANGUAGE_STANDARD = "gnu++0x";
				CLANG_ENABLE_OBJC_ARC = YES;
				CLANG_WARN__DUPLICATE_METHOD_MATCH = YES;
				"CODE_SIGN_IDENTITY[sdk=iphoneos*]" = "iPhone Developer";
				COPY_PHASE_STRIP = YES;
				GCC_C_LANGUAGE_STANDARD = gnu99;
				GCC_VERSION = com.apple.compilers.llvm.clang.1_0;
				GCC_WARN_ABOUT_RETURN_TYPE = YES;
				GCC_WARN_UNINITIALIZED_AUTOS = YES;
				GCC_WARN_UNUSED_VARIABLE = YES;
				IPHONEOS_DEPLOYMENT_TARGET = 5.1;
				OTHER_CFLAGS = "-DNS_BLOCK_ASSERTIONS=1";
				SDKROOT = iphoneos;
				VALIDATE_PRODUCT = YES;
			};
			name = Release;
		};
		01472F8115E939F100793C6F /* Debug */ = {
			isa = XCBuildConfiguration;
			baseConfigurationReference = DBE4A2D4A984491496A554B4 /* Pods.xcconfig */;
			buildSettings = {
				GCC_PRECOMPILE_PREFIX_HEADER = YES;
				GCC_PREFIX_HEADER = "TravelBot/TravelBot-Prefix.pch";
				INFOPLIST_FILE = "TravelBot/TravelBot-Info.plist";
				PRODUCT_NAME = "$(TARGET_NAME)";
				RUN_CLANG_STATIC_ANALYZER = YES;
				WRAPPER_EXTENSION = app;
			};
			name = Debug;
		};
		01472F8215E939F100793C6F /* Release */ = {
			isa = XCBuildConfiguration;
			baseConfigurationReference = DBE4A2D4A984491496A554B4 /* Pods.xcconfig */;
			buildSettings = {
				GCC_PRECOMPILE_PREFIX_HEADER = YES;
				GCC_PREFIX_HEADER = "TravelBot/TravelBot-Prefix.pch";
				INFOPLIST_FILE = "TravelBot/TravelBot-Info.plist";
				PRODUCT_NAME = "$(TARGET_NAME)";
				RUN_CLANG_STATIC_ANALYZER = YES;
				WRAPPER_EXTENSION = app;
			};
			name = Release;
		};
		01472F8415E939F100793C6F /* Debug */ = {
			isa = XCBuildConfiguration;
			buildSettings = {
				BUNDLE_LOADER = "$(BUILT_PRODUCTS_DIR)/TravelBot.app/TravelBot";
				FRAMEWORK_SEARCH_PATHS = (
					"\"$(SDKROOT)/Developer/Library/Frameworks\"",
					"\"$(DEVELOPER_LIBRARY_DIR)/Frameworks\"",
				);
				GCC_PRECOMPILE_PREFIX_HEADER = YES;
				GCC_PREFIX_HEADER = "TravelBot/TravelBot-Prefix.pch";
				INFOPLIST_FILE = "TravelBotTests/TravelBotTests-Info.plist";
				PRODUCT_NAME = "$(TARGET_NAME)";
				TEST_HOST = "$(BUNDLE_LOADER)";
				WRAPPER_EXTENSION = octest;
			};
			name = Debug;
		};
		01472F8515E939F100793C6F /* Release */ = {
			isa = XCBuildConfiguration;
			buildSettings = {
				BUNDLE_LOADER = "$(BUILT_PRODUCTS_DIR)/TravelBot.app/TravelBot";
				FRAMEWORK_SEARCH_PATHS = (
					"\"$(SDKROOT)/Developer/Library/Frameworks\"",
					"\"$(DEVELOPER_LIBRARY_DIR)/Frameworks\"",
				);
				GCC_PRECOMPILE_PREFIX_HEADER = YES;
				GCC_PREFIX_HEADER = "TravelBot/TravelBot-Prefix.pch";
				INFOPLIST_FILE = "TravelBotTests/TravelBotTests-Info.plist";
				PRODUCT_NAME = "$(TARGET_NAME)";
				TEST_HOST = "$(BUNDLE_LOADER)";
				WRAPPER_EXTENSION = octest;
			};
			name = Release;
		};
/* End XCBuildConfiguration section */

/* Begin XCConfigurationList section */
		01472F3E15E939F100793C6F /* Build configuration list for PBXProject "TravelBot" */ = {
			isa = XCConfigurationList;
			buildConfigurations = (
				01472F7E15E939F100793C6F /* Debug */,
				01472F7F15E939F100793C6F /* Release */,
			);
			defaultConfigurationIsVisible = 0;
			defaultConfigurationName = Release;
		};
		01472F8015E939F100793C6F /* Build configuration list for PBXNativeTarget "TravelBot" */ = {
			isa = XCConfigurationList;
			buildConfigurations = (
				01472F8115E939F100793C6F /* Debug */,
				01472F8215E939F100793C6F /* Release */,
			);
			defaultConfigurationIsVisible = 0;
			defaultConfigurationName = Release;
		};
		01472F8315E939F100793C6F /* Build configuration list for PBXNativeTarget "TravelBotTests" */ = {
			isa = XCConfigurationList;
			buildConfigurations = (
				01472F8415E939F100793C6F /* Debug */,
				01472F8515E939F100793C6F /* Release */,
			);
			defaultConfigurationIsVisible = 0;
			defaultConfigurationName = Release;
		};
/* End XCConfigurationList section */

/* Begin XCVersionGroup section */
		01472F5F15E939F100793C6F /* TravelBot.xcdatamodeld */ = {
			isa = XCVersionGroup;
			children = (
				01472F6015E939F100793C6F /* TravelBot.xcdatamodel */,
			);
			currentVersion = 01472F6015E939F100793C6F /* TravelBot.xcdatamodel */;
			path = TravelBot.xcdatamodeld;
			sourceTree = "<group>";
			versionGroupType = wrapper.xcdatamodel;
		};
/* End XCVersionGroup section */
	};
	rootObject = 01472F3B15E939F100793C6F /* Project object */;
}
