// !$*UTF8*$!
{
	archiveVersion = 1;
	classes = {
	};
	objectVersion = 46;
	objects = {

/* Begin PBXBuildFile section */
		01962C6015EAC29A009CAEBA /* sqlite3.c in Sources */ = {isa = PBXBuildFile; fileRef = 01962C5D15EAC29A009CAEBA /* sqlite3.c */; };
/* End PBXBuildFile section */

/* Begin PBXCopyFilesBuildPhase section */
		01962C3815EAC1C0009CAEBA /* CopyFiles */ = {
			isa = PBXCopyFilesBuildPhase;
			buildActionMask = 2147483647;
			dstPath = "include/${PRODUCT_NAME}";
			dstSubfolderSpec = 16;
			files = (
			);
			runOnlyForDeploymentPostprocessing = 0;
		};
/* End PBXCopyFilesBuildPhase section */

/* Begin PBXFileReference section */
		01962C3A15EAC1C0009CAEBA /* libSQLite.a */ = {isa = PBXFileReference; explicitFileType = archive.ar; includeInIndex = 0; path = libSQLite.a; sourceTree = BUILT_PRODUCTS_DIR; };
		01962C3D15EAC1C0009CAEBA /* Foundation.framework */ = {isa = PBXFileReference; lastKnownFileType = wrapper.framework; name = Foundation.framework; path = System/Library/Frameworks/Foundation.framework; sourceTree = SDKROOT; };
		01962C4115EAC1C0009CAEBA /* SQLite-Prefix.pch */ = {isa = PBXFileReference; lastKnownFileType = sourcecode.c.h; path = "SQLite-Prefix.pch"; sourceTree = "<group>"; };
		01962C5D15EAC29A009CAEBA /* sqlite3.c */ = {isa = PBXFileReference; fileEncoding = 4; lastKnownFileType = sourcecode.c.c; path = sqlite3.c; sourceTree = "<group>"; };
		01962C5E15EAC29A009CAEBA /* sqlite3.h */ = {isa = PBXFileReference; fileEncoding = 4; lastKnownFileType = sourcecode.c.h; path = sqlite3.h; sourceTree = "<group>"; };
		01962C5F15EAC29A009CAEBA /* sqlite3ext.h */ = {isa = PBXFileReference; fileEncoding = 4; lastKnownFileType = sourcecode.c.h; path = sqlite3ext.h; sourceTree = "<group>"; };
/* End PBXFileReference section */

/* Begin PBXFrameworksBuildPhase section */
		01962C3715EAC1C0009CAEBA /* Frameworks */ = {
			isa = PBXFrameworksBuildPhase;
			buildActionMask = 2147483647;
			files = (
			);
			runOnlyForDeploymentPostprocessing = 0;
		};
/* End PBXFrameworksBuildPhase section */

/* Begin PBXGroup section */
		01962C2F15EAC1C0009CAEBA = {
			isa = PBXGroup;
			children = (
				01962C3F15EAC1C0009CAEBA /* SQLite */,
				01962C3C15EAC1C0009CAEBA /* Frameworks */,
				01962C3B15EAC1C0009CAEBA /* Products */,
			);
			sourceTree = "<group>";
		};
		01962C3B15EAC1C0009CAEBA /* Products */ = {
			isa = PBXGroup;
			children = (
				01962C3A15EAC1C0009CAEBA /* libSQLite.a */,
			);
			name = Products;
			sourceTree = "<group>";
		};
		01962C3C15EAC1C0009CAEBA /* Frameworks */ = {
			isa = PBXGroup;
			children = (
				01962C3D15EAC1C0009CAEBA /* Foundation.framework */,
			);
			name = Frameworks;
			sourceTree = "<group>";
		};
		01962C3F15EAC1C0009CAEBA /* SQLite */ = {
			isa = PBXGroup;
			children = (
				01962C5D15EAC29A009CAEBA /* sqlite3.c */,
				01962C5E15EAC29A009CAEBA /* sqlite3.h */,
				01962C5F15EAC29A009CAEBA /* sqlite3ext.h */,
				01962C4015EAC1C0009CAEBA /* Supporting Files */,
			);
			path = SQLite;
			sourceTree = "<group>";
		};
		01962C4015EAC1C0009CAEBA /* Supporting Files */ = {
			isa = PBXGroup;
			children = (
				01962C4115EAC1C0009CAEBA /* SQLite-Prefix.pch */,
			);
			name = "Supporting Files";
			sourceTree = "<group>";
		};
/* End PBXGroup section */

/* Begin PBXNativeTarget section */
		01962C3915EAC1C0009CAEBA /* SQLite */ = {
			isa = PBXNativeTarget;
			buildConfigurationList = 01962C4815EAC1C0009CAEBA /* Build configuration list for PBXNativeTarget "SQLite" */;
			buildPhases = (
				01962C3615EAC1C0009CAEBA /* Sources */,
				01962C3715EAC1C0009CAEBA /* Frameworks */,
				01962C3815EAC1C0009CAEBA /* CopyFiles */,
			);
			buildRules = (
			);
			dependencies = (
			);
			name = SQLite;
			productName = SQLite;
			productReference = 01962C3A15EAC1C0009CAEBA /* libSQLite.a */;
			productType = "com.apple.product-type.library.static";
		};
/* End PBXNativeTarget section */

/* Begin PBXProject section */
		01962C3115EAC1C0009CAEBA /* Project object */ = {
			isa = PBXProject;
			attributes = {
				LastUpgradeCheck = 0440;
				ORGANIZATIONNAME = "Asim Ihsan";
			};
			buildConfigurationList = 01962C3415EAC1C0009CAEBA /* Build configuration list for PBXProject "SQLite" */;
			compatibilityVersion = "Xcode 3.2";
			developmentRegion = English;
			hasScannedForEncodings = 0;
			knownRegions = (
				en,
			);
			mainGroup = 01962C2F15EAC1C0009CAEBA;
			productRefGroup = 01962C3B15EAC1C0009CAEBA /* Products */;
			projectDirPath = "";
			projectRoot = "";
			targets = (
				01962C3915EAC1C0009CAEBA /* SQLite */,
			);
		};
/* End PBXProject section */

/* Begin PBXSourcesBuildPhase section */
		01962C3615EAC1C0009CAEBA /* Sources */ = {
			isa = PBXSourcesBuildPhase;
			buildActionMask = 2147483647;
			files = (
				01962C6015EAC29A009CAEBA /* sqlite3.c in Sources */,
			);
			runOnlyForDeploymentPostprocessing = 0;
		};
/* End PBXSourcesBuildPhase section */

/* Begin XCBuildConfiguration section */
		01962C4615EAC1C0009CAEBA /* Debug */ = {
			isa = XCBuildConfiguration;
			buildSettings = {
				ALWAYS_SEARCH_USER_PATHS = NO;
				ARCHS = "$(ARCHS_STANDARD_32_BIT)";
				CLANG_CXX_LANGUAGE_STANDARD = "gnu++0x";
				CLANG_ENABLE_OBJC_ARC = YES;
				CLANG_WARN__DUPLICATE_METHOD_MATCH = YES;
				COPY_PHASE_STRIP = NO;
				GCC_C_LANGUAGE_STANDARD = gnu99;
				GCC_DYNAMIC_NO_PIC = NO;
				GCC_OPTIMIZATION_LEVEL = 0;
				GCC_PREPROCESSOR_DEFINITIONS = (
					"DEBUG=1",
					SQLITE_ENABLE_COLUMN_METADATA,
					SQLITE_ENABLE_FTS4,
					SQLITE_ENABLE_RTREE,
					"$(inherited)",
				);
				GCC_SYMBOLS_PRIVATE_EXTERN = NO;
				GCC_VERSION = com.apple.compilers.llvm.clang.1_0;
				GCC_WARN_ABOUT_RETURN_TYPE = YES;
				GCC_WARN_UNINITIALIZED_AUTOS = YES;
				GCC_WARN_UNUSED_VARIABLE = YES;
				IPHONEOS_DEPLOYMENT_TARGET = 5.1;
				SDKROOT = iphoneos;
			};
			name = Debug;
		};
		01962C4715EAC1C0009CAEBA /* Release */ = {
			isa = XCBuildConfiguration;
			buildSettings = {
				ALWAYS_SEARCH_USER_PATHS = NO;
				ARCHS = "$(ARCHS_STANDARD_32_BIT)";
				CLANG_CXX_LANGUAGE_STANDARD = "gnu++0x";
				CLANG_ENABLE_OBJC_ARC = YES;
				CLANG_WARN__DUPLICATE_METHOD_MATCH = YES;
				COPY_PHASE_STRIP = YES;
				GCC_C_LANGUAGE_STANDARD = gnu99;
				GCC_PREPROCESSOR_DEFINITIONS = (
					SQLITE_ENABLE_COLUMN_METADATA,
					SQLITE_ENABLE_FTS4,
					SQLITE_ENABLE_RTREE,
				);
				GCC_VERSION = com.apple.compilers.llvm.clang.1_0;
				GCC_WARN_ABOUT_RETURN_TYPE = YES;
				GCC_WARN_UNINITIALIZED_AUTOS = YES;
				GCC_WARN_UNUSED_VARIABLE = YES;
				IPHONEOS_DEPLOYMENT_TARGET = 5.1;
				SDKROOT = iphoneos;
				VALIDATE_PRODUCT = YES;
			};
			name = Release;
		};
		01962C4915EAC1C0009CAEBA /* Debug */ = {
			isa = XCBuildConfiguration;
			buildSettings = {
				DSTROOT = /tmp/SQLite.dst;
				GCC_PRECOMPILE_PREFIX_HEADER = YES;
				GCC_PREFIX_HEADER = "SQLite/SQLite-Prefix.pch";
				OTHER_LDFLAGS = "-ObjC";
				PRODUCT_NAME = "$(TARGET_NAME)";
				RUN_CLANG_STATIC_ANALYZER = NO;
				SKIP_INSTALL = YES;
			};
			name = Debug;
		};
		01962C4A15EAC1C0009CAEBA /* Release */ = {
			isa = XCBuildConfiguration;
			buildSettings = {
				DSTROOT = /tmp/SQLite.dst;
				GCC_PRECOMPILE_PREFIX_HEADER = YES;
				GCC_PREFIX_HEADER = "SQLite/SQLite-Prefix.pch";
				OTHER_LDFLAGS = "-ObjC";
				PRODUCT_NAME = "$(TARGET_NAME)";
				RUN_CLANG_STATIC_ANALYZER = NO;
				SKIP_INSTALL = YES;
			};
			name = Release;
		};
/* End XCBuildConfiguration section */

/* Begin XCConfigurationList section */
		01962C3415EAC1C0009CAEBA /* Build configuration list for PBXProject "SQLite" */ = {
			isa = XCConfigurationList;
			buildConfigurations = (
				01962C4615EAC1C0009CAEBA /* Debug */,
				01962C4715EAC1C0009CAEBA /* Release */,
			);
			defaultConfigurationIsVisible = 0;
			defaultConfigurationName = Release;
		};
		01962C4815EAC1C0009CAEBA /* Build configuration list for PBXNativeTarget "SQLite" */ = {
			isa = XCConfigurationList;
			buildConfigurations = (
				01962C4915EAC1C0009CAEBA /* Debug */,
				01962C4A15EAC1C0009CAEBA /* Release */,
			);
			defaultConfigurationIsVisible = 0;
			defaultConfigurationName = Release;
		};
/* End XCConfigurationList section */
	};
	rootObject = 01962C3115EAC1C0009CAEBA /* Project object */;
}
